// !$*UTF8*$!
{
	archiveVersion = 1;
	classes = {
	};
	objectVersion = 46;
	objects = {

/* Begin PBXBuildFile section */
		C333D1C717140B0C00FE7BA3 /* teachers.png in Resources */ = {isa = PBXBuildFile; fileRef = C333D1C617140B0C00FE7BA3 /* teachers.png */; };
		C333D1C917140DAA00FE7BA3 /* students.png in Resources */ = {isa = PBXBuildFile; fileRef = C333D1C817140DAA00FE7BA3 /* students.png */; };
		C362B62D170F196300997882 /* AuthViewController.m in Sources */ = {isa = PBXBuildFile; fileRef = C362B62C170F196300997882 /* AuthViewController.m */; };
		C380CEFA1712D59200901DEC /* CLesson.m in Sources */ = {isa = PBXBuildFile; fileRef = C380CEF91712D59200901DEC /* CLesson.m */; };
		C3829368170F106C003FA569 /* ChatViewController.m in Sources */ = {isa = PBXBuildFile; fileRef = C3829367170F106C003FA569 /* ChatViewController.m */; };
		C3832907171030C700E59967 /* TabBarViewController.m in Sources */ = {isa = PBXBuildFile; fileRef = C3832906171030C700E59967 /* TabBarViewController.m */; };
		C383290C1710312600E59967 /* RegistrationViewController.m in Sources */ = {isa = PBXBuildFile; fileRef = C383290B1710312600E59967 /* RegistrationViewController.m */; };
		C3832912171035C400E59967 /* ProfileViewController.m in Sources */ = {isa = PBXBuildFile; fileRef = C3832911171035C400E59967 /* ProfileViewController.m */; };
		C3832917171036AA00E59967 /* Opentok.framework in Frameworks */ = {isa = PBXBuildFile; fileRef = C3832916171036AA00E59967 /* Opentok.framework */; };
		C3832919171036C000E59967 /* opentok.bundle in Resources */ = {isa = PBXBuildFile; fileRef = C3832918171036C000E59967 /* opentok.bundle */; };
		C38329221710371500E59967 /* UIButtonVideoView.m in Sources */ = {isa = PBXBuildFile; fileRef = C383291B1710371500E59967 /* UIButtonVideoView.m */; };
		C38329231710371500E59967 /* UIProgressLessonView.m in Sources */ = {isa = PBXBuildFile; fileRef = C383291D1710371500E59967 /* UIProgressLessonView.m */; };
		C38329241710371500E59967 /* UIToolbarVideoView.m in Sources */ = {isa = PBXBuildFile; fileRef = C383291F1710371500E59967 /* UIToolbarVideoView.m */; };
		C38329251710371500E59967 /* VideoLessonController.m in Sources */ = {isa = PBXBuildFile; fileRef = C38329211710371500E59967 /* VideoLessonController.m */; };
		C38329271710380900E59967 /* CoreTelephony.framework in Frameworks */ = {isa = PBXBuildFile; fileRef = C3832926171037FF00E59967 /* CoreTelephony.framework */; };
		C38329291710384B00E59967 /* AudioToolbox.framework in Frameworks */ = {isa = PBXBuildFile; fileRef = C38329281710384600E59967 /* AudioToolbox.framework */; };
		C383292B1710387D00E59967 /* AVFoundation.framework in Frameworks */ = {isa = PBXBuildFile; fileRef = C383292A1710387D00E59967 /* AVFoundation.framework */; };
		C383292D1710388600E59967 /* CFNetwork.framework in Frameworks */ = {isa = PBXBuildFile; fileRef = C383292C1710388600E59967 /* CFNetwork.framework */; };
		C383292F171038DA00E59967 /* CoreAudio.framework in Frameworks */ = {isa = PBXBuildFile; fileRef = C383292E171038DA00E59967 /* CoreAudio.framework */; };
		C3832931171038E700E59967 /* CoreMedia.framework in Frameworks */ = {isa = PBXBuildFile; fileRef = C3832930171038E600E59967 /* CoreMedia.framework */; };
		C3832933171038ED00E59967 /* CoreVideo.framework in Frameworks */ = {isa = PBXBuildFile; fileRef = C3832932171038ED00E59967 /* CoreVideo.framework */; };
		C38329351710395200E59967 /* libstdc++.dylib in Frameworks */ = {isa = PBXBuildFile; fileRef = C38329341710395200E59967 /* libstdc++.dylib */; };
		C38329371710395900E59967 /* libz.dylib in Frameworks */ = {isa = PBXBuildFile; fileRef = C38329361710395900E59967 /* libz.dylib */; };
		C38329391710399300E59967 /* MobileCoreServices.framework in Frameworks */ = {isa = PBXBuildFile; fileRef = C38329381710399300E59967 /* MobileCoreServices.framework */; };
		C383293B171039A100E59967 /* OpenGLES.framework in Frameworks */ = {isa = PBXBuildFile; fileRef = C383293A171039A100E59967 /* OpenGLES.framework */; };
		C383293D171039A600E59967 /* QuartzCore.framework in Frameworks */ = {isa = PBXBuildFile; fileRef = C383293C171039A600E59967 /* QuartzCore.framework */; };
		C383293F171039AB00E59967 /* Security.framework in Frameworks */ = {isa = PBXBuildFile; fileRef = C383293E171039AB00E59967 /* Security.framework */; };
		C3832941171039B400E59967 /* SystemConfiguration.framework in Frameworks */ = {isa = PBXBuildFile; fileRef = C3832940171039B300E59967 /* SystemConfiguration.framework */; };
		C38CA6851712B36100BDC5EF /* SettingsViewController.m in Sources */ = {isa = PBXBuildFile; fileRef = C38CA6841712B36100BDC5EF /* SettingsViewController.m */; };
		C38F5F7F170E986E0010B36C /* UIKit.framework in Frameworks */ = {isa = PBXBuildFile; fileRef = C38F5F7E170E986E0010B36C /* UIKit.framework */; };
		C38F5F81170E986E0010B36C /* Foundation.framework in Frameworks */ = {isa = PBXBuildFile; fileRef = C38F5F80170E986E0010B36C /* Foundation.framework */; };
		C38F5F83170E986E0010B36C /* CoreGraphics.framework in Frameworks */ = {isa = PBXBuildFile; fileRef = C38F5F82170E986E0010B36C /* CoreGraphics.framework */; };
		C38F5F89170E986E0010B36C /* InfoPlist.strings in Resources */ = {isa = PBXBuildFile; fileRef = C38F5F87170E986E0010B36C /* InfoPlist.strings */; };
		C38F5F8B170E986E0010B36C /* main.m in Sources */ = {isa = PBXBuildFile; fileRef = C38F5F8A170E986E0010B36C /* main.m */; };
		C38F5F8F170E986E0010B36C /* AppDelegate.m in Sources */ = {isa = PBXBuildFile; fileRef = C38F5F8E170E986E0010B36C /* AppDelegate.m */; };
		C38F5F91170E986E0010B36C /* Default.png in Resources */ = {isa = PBXBuildFile; fileRef = C38F5F90170E986E0010B36C /* Default.png */; };
		C38F5F93170E986E0010B36C /* Default@2x.png in Resources */ = {isa = PBXBuildFile; fileRef = C38F5F92170E986E0010B36C /* Default@2x.png */; };
		C38F5F95170E986E0010B36C /* Default-568h@2x.png in Resources */ = {isa = PBXBuildFile; fileRef = C38F5F94170E986E0010B36C /* Default-568h@2x.png */; };
		C38F5F98170E986E0010B36C /* MainStoryboard_iPhone.storyboard in Resources */ = {isa = PBXBuildFile; fileRef = C38F5F96170E986E0010B36C /* MainStoryboard_iPhone.storyboard */; };
		C38F5F9B170E986E0010B36C /* MainStoryboard_iPad.storyboard in Resources */ = {isa = PBXBuildFile; fileRef = C38F5F99170E986E0010B36C /* MainStoryboard_iPad.storyboard */; };
		C38F5F9E170E986E0010B36C /* ViewController.m in Sources */ = {isa = PBXBuildFile; fileRef = C38F5F9D170E986E0010B36C /* ViewController.m */; };
		C38F6A69171409C400FAB30A /* LessonsTestViewController.m in Sources */ = {isa = PBXBuildFile; fileRef = C38F6A68171409C400FAB30A /* LessonsTestViewController.m */; };
		C38FB90917122AEA00743A25 /* CroppingViewController.m in Sources */ = {isa = PBXBuildFile; fileRef = C38FB90817122AEA00743A25 /* CroppingViewController.m */; };
		C38FB90C1712395300743A25 /* UIProfileTableViewCell.m in Sources */ = {isa = PBXBuildFile; fileRef = C38FB90B1712395300743A25 /* UIProfileTableViewCell.m */; };
		C38FB90E1712396E00743A25 /* UIProfileTableViewCell.xib in Resources */ = {isa = PBXBuildFile; fileRef = C38FB90D1712396E00743A25 /* UIProfileTableViewCell.xib */; };
		C38FB91217123C9100743A25 /* LessonsViewController.m in Sources */ = {isa = PBXBuildFile; fileRef = C38FB91117123C9100743A25 /* LessonsViewController.m */; };
		C39006D41712FA8100783018 /* PTSans.ttc in Resources */ = {isa = PBXBuildFile; fileRef = C39006D31712FA8100783018 /* PTSans.ttc */; };
		C39006D51712FC0100783018 /* Lightoak-Info.plist in Resources */ = {isa = PBXBuildFile; fileRef = C38F5F86170E986E0010B36C /* Lightoak-Info.plist */; };
		C39006D71712FCB700783018 /* PTC55F.ttf in Resources */ = {isa = PBXBuildFile; fileRef = C39006D61712FCB700783018 /* PTC55F.ttf */; };
		C39006D91712FD0400783018 /* PTC75F.ttf in Resources */ = {isa = PBXBuildFile; fileRef = C39006D81712FD0400783018 /* PTC75F.ttf */; };
		C39006DB1713045900783018 /* loginpass.png in Resources */ = {isa = PBXBuildFile; fileRef = C39006DA1713045900783018 /* loginpass.png */; };
		C39006DE171307B300783018 /* login.png in Resources */ = {isa = PBXBuildFile; fileRef = C39006DC171307B200783018 /* login.png */; };
		C39006DF171307B300783018 /* reg.png in Resources */ = {isa = PBXBuildFile; fileRef = C39006DD171307B200783018 /* reg.png */; };
		C39006E117130D3500783018 /* regform.png in Resources */ = {isa = PBXBuildFile; fileRef = C39006E017130D3500783018 /* regform.png */; };
		C39006E31713178300783018 /* reg_on.png in Resources */ = {isa = PBXBuildFile; fileRef = C39006E21713178300783018 /* reg_on.png */; };
		C39006E517131CA900783018 /* navbar.png in Resources */ = {isa = PBXBuildFile; fileRef = C39006E417131CA900783018 /* navbar.png */; };
		C39006E8171323D000783018 /* NavigationViewController.m in Sources */ = {isa = PBXBuildFile; fileRef = C39006E7171323D000783018 /* NavigationViewController.m */; };
		C39006EB171327B700783018 /* NavigationBar.m in Sources */ = {isa = PBXBuildFile; fileRef = C39006EA171327B700783018 /* NavigationBar.m */; };
		C3B96A481713B0A600B1C81C /* back.png in Resources */ = {isa = PBXBuildFile; fileRef = C3B96A471713B0A600B1C81C /* back.png */; };
		C3BE487E17136EB60001FFBD /* tabbar.png in Resources */ = {isa = PBXBuildFile; fileRef = C3BE487D17136EB60001FFBD /* tabbar.png */; };
		C3BE488017136F2E0001FFBD /* tabbar_selected.png in Resources */ = {isa = PBXBuildFile; fileRef = C3BE487F17136F2E0001FFBD /* tabbar_selected.png */; };
		C3BE48A0171387750001FFBD /* settings_white@2x.png in Resources */ = {isa = PBXBuildFile; fileRef = C3BE4898171387750001FFBD /* settings_white@2x.png */; };
		C3BE48A1171387750001FFBD /* settings_white.png in Resources */ = {isa = PBXBuildFile; fileRef = C3BE4899171387750001FFBD /* settings_white.png */; };
		C3BE48A2171387750001FFBD /* user_white@2x.png in Resources */ = {isa = PBXBuildFile; fileRef = C3BE489A171387750001FFBD /* user_white@2x.png */; };
		C3BE48A3171387750001FFBD /* user_white.png in Resources */ = {isa = PBXBuildFile; fileRef = C3BE489B171387750001FFBD /* user_white.png */; };
		C3BE48AA1713896F0001FFBD /* posts_white@2x.png in Resources */ = {isa = PBXBuildFile; fileRef = C3BE48A61713896F0001FFBD /* posts_white@2x.png */; };
		C3BE48AB1713896F0001FFBD /* posts_white.png in Resources */ = {isa = PBXBuildFile; fileRef = C3BE48A71713896F0001FFBD /* posts_white.png */; };
		C3BE48AE17138A960001FFBD /* leaf@2x.png in Resources */ = {isa = PBXBuildFile; fileRef = C3BE48AC17138A960001FFBD /* leaf@2x.png */; };
		C3BE48AF17138A960001FFBD /* leaf.png in Resources */ = {isa = PBXBuildFile; fileRef = C3BE48AD17138A960001FFBD /* leaf.png */; };
		C3BE48B117138ECF0001FFBD /* active_lesson.png in Resources */ = {isa = PBXBuildFile; fileRef = C3BE48B017138ECF0001FFBD /* active_lesson.png */; };
		C3BE48B31713916A0001FFBD /* belov.png in Resources */ = {isa = PBXBuildFile; fileRef = C3BE48B21713916A0001FFBD /* belov.png */; };
		C3BE48B5171391E40001FFBD /* belov@2x.png in Resources */ = {isa = PBXBuildFile; fileRef = C3BE48B4171391E40001FFBD /* belov@2x.png */; };
		C3BE48B8171397CE0001FFBD /* TextField.m in Sources */ = {isa = PBXBuildFile; fileRef = C3BE48B7171397CD0001FFBD /* TextField.m */; };
		C3BE48BB17139ABF0001FFBD /* microphone.png in Resources */ = {isa = PBXBuildFile; fileRef = C3BE48B917139ABE0001FFBD /* microphone.png */; };
		C3BE48BC17139ABF0001FFBD /* microphone@2x.png in Resources */ = {isa = PBXBuildFile; fileRef = C3BE48BA17139ABF0001FFBD /* microphone@2x.png */; };
		C3BE48C317139E370001FFBD /* chat@2x.png in Resources */ = {isa = PBXBuildFile; fileRef = C3BE48BD17139E330001FFBD /* chat@2x.png */; };
		C3BE48C417139E370001FFBD /* chat.png in Resources */ = {isa = PBXBuildFile; fileRef = C3BE48BE17139E340001FFBD /* chat.png */; };
		C3BE48C517139E370001FFBD /* eye@2x.png in Resources */ = {isa = PBXBuildFile; fileRef = C3BE48BF17139E350001FFBD /* eye@2x.png */; };
		C3BE48C617139E370001FFBD /* eye_white.png in Resources */ = {isa = PBXBuildFile; fileRef = C3BE48C017139E360001FFBD /* eye_white.png */; };
		C3BE48C717139E370001FFBD /* pause@2x.png in Resources */ = {isa = PBXBuildFile; fileRef = C3BE48C117139E370001FFBD /* pause@2x.png */; };
		C3BE48C817139E370001FFBD /* pause.png in Resources */ = {isa = PBXBuildFile; fileRef = C3BE48C217139E370001FFBD /* pause.png */; };
		C3BE48CB1713A07E0001FFBD /* warning.png in Resources */ = {isa = PBXBuildFile; fileRef = C3BE48C91713A07E0001FFBD /* warning.png */; };
		C3BE48CC1713A07E0001FFBD /* warning@2x.png in Resources */ = {isa = PBXBuildFile; fileRef = C3BE48CA1713A07E0001FFBD /* warning@2x.png */; };
		C3BE48CF1713A5E40001FFBD /* progress.png in Resources */ = {isa = PBXBuildFile; fileRef = C3BE48CD1713A5E30001FFBD /* progress.png */; };
		C3BE48D01713A5E40001FFBD /* track.png in Resources */ = {isa = PBXBuildFile; fileRef = C3BE48CE1713A5E40001FFBD /* track.png */; };
		C3DFD1C31712B75300ECCD54 /* TreeViewController.m in Sources */ = {isa = PBXBuildFile; fileRef = C3DFD1C21712B75300ECCD54 /* TreeViewController.m */; };
/* End PBXBuildFile section */

/* Begin PBXFileReference section */
		C333D1C617140B0C00FE7BA3 /* teachers.png */ = {isa = PBXFileReference; lastKnownFileType = image.png; path = teachers.png; sourceTree = "<group>"; };
		C333D1C817140DAA00FE7BA3 /* students.png */ = {isa = PBXFileReference; lastKnownFileType = image.png; path = students.png; sourceTree = "<group>"; };
		C362B62B170F196200997882 /* AuthViewController.h */ = {isa = PBXFileReference; fileEncoding = 4; lastKnownFileType = sourcecode.c.h; name = AuthViewController.h; path = ../AuthViewController.h; sourceTree = "<group>"; };
		C362B62C170F196300997882 /* AuthViewController.m */ = {isa = PBXFileReference; fileEncoding = 4; lastKnownFileType = sourcecode.c.objc; name = AuthViewController.m; path = ../AuthViewController.m; sourceTree = "<group>"; };
		C380CEF81712D59200901DEC /* CLesson.h */ = {isa = PBXFileReference; fileEncoding = 4; lastKnownFileType = sourcecode.c.h; path = CLesson.h; sourceTree = "<group>"; };
		C380CEF91712D59200901DEC /* CLesson.m */ = {isa = PBXFileReference; fileEncoding = 4; lastKnownFileType = sourcecode.c.objc; path = CLesson.m; sourceTree = "<group>"; };
		C3829366170F106C003FA569 /* ChatViewController.h */ = {isa = PBXFileReference; fileEncoding = 4; lastKnownFileType = sourcecode.c.h; path = ChatViewController.h; sourceTree = "<group>"; };
		C3829367170F106C003FA569 /* ChatViewController.m */ = {isa = PBXFileReference; fileEncoding = 4; lastKnownFileType = sourcecode.c.objc; path = ChatViewController.m; sourceTree = "<group>"; };
		C3832905171030C700E59967 /* TabBarViewController.h */ = {isa = PBXFileReference; fileEncoding = 4; lastKnownFileType = sourcecode.c.h; name = TabBarViewController.h; path = ../TabBarViewController.h; sourceTree = "<group>"; };
		C3832906171030C700E59967 /* TabBarViewController.m */ = {isa = PBXFileReference; fileEncoding = 4; lastKnownFileType = sourcecode.c.objc; name = TabBarViewController.m; path = ../TabBarViewController.m; sourceTree = "<group>"; };
		C383290A1710312600E59967 /* RegistrationViewController.h */ = {isa = PBXFileReference; fileEncoding = 4; lastKnownFileType = sourcecode.c.h; path = RegistrationViewController.h; sourceTree = "<group>"; };
		C383290B1710312600E59967 /* RegistrationViewController.m */ = {isa = PBXFileReference; fileEncoding = 4; lastKnownFileType = sourcecode.c.objc; path = RegistrationViewController.m; sourceTree = "<group>"; };
		C3832910171035C400E59967 /* ProfileViewController.h */ = {isa = PBXFileReference; fileEncoding = 4; lastKnownFileType = sourcecode.c.h; path = ProfileViewController.h; sourceTree = "<group>"; };
		C3832911171035C400E59967 /* ProfileViewController.m */ = {isa = PBXFileReference; fileEncoding = 4; lastKnownFileType = sourcecode.c.objc; path = ProfileViewController.m; sourceTree = "<group>"; };
		C3832916171036AA00E59967 /* Opentok.framework */ = {isa = PBXFileReference; lastKnownFileType = wrapper.framework; path = Opentok.framework; sourceTree = "<group>"; };
		C3832918171036C000E59967 /* opentok.bundle */ = {isa = PBXFileReference; lastKnownFileType = "wrapper.plug-in"; path = opentok.bundle; sourceTree = "<group>"; };
		C383291A1710371500E59967 /* UIButtonVideoView.h */ = {isa = PBXFileReference; fileEncoding = 4; lastKnownFileType = sourcecode.c.h; path = UIButtonVideoView.h; sourceTree = "<group>"; };
		C383291B1710371500E59967 /* UIButtonVideoView.m */ = {isa = PBXFileReference; fileEncoding = 4; lastKnownFileType = sourcecode.c.objc; path = UIButtonVideoView.m; sourceTree = "<group>"; };
		C383291C1710371500E59967 /* UIProgressLessonView.h */ = {isa = PBXFileReference; fileEncoding = 4; lastKnownFileType = sourcecode.c.h; path = UIProgressLessonView.h; sourceTree = "<group>"; };
		C383291D1710371500E59967 /* UIProgressLessonView.m */ = {isa = PBXFileReference; fileEncoding = 4; lastKnownFileType = sourcecode.c.objc; path = UIProgressLessonView.m; sourceTree = "<group>"; };
		C383291E1710371500E59967 /* UIToolbarVideoView.h */ = {isa = PBXFileReference; fileEncoding = 4; lastKnownFileType = sourcecode.c.h; path = UIToolbarVideoView.h; sourceTree = "<group>"; };
		C383291F1710371500E59967 /* UIToolbarVideoView.m */ = {isa = PBXFileReference; fileEncoding = 4; lastKnownFileType = sourcecode.c.objc; path = UIToolbarVideoView.m; sourceTree = "<group>"; };
		C38329201710371500E59967 /* VideoLessonController.h */ = {isa = PBXFileReference; fileEncoding = 4; lastKnownFileType = sourcecode.c.h; path = VideoLessonController.h; sourceTree = "<group>"; };
		C38329211710371500E59967 /* VideoLessonController.m */ = {isa = PBXFileReference; fileEncoding = 4; lastKnownFileType = sourcecode.c.objc; path = VideoLessonController.m; sourceTree = "<group>"; };
		C3832926171037FF00E59967 /* CoreTelephony.framework */ = {isa = PBXFileReference; lastKnownFileType = wrapper.framework; name = CoreTelephony.framework; path = System/Library/Frameworks/CoreTelephony.framework; sourceTree = SDKROOT; };
		C38329281710384600E59967 /* AudioToolbox.framework */ = {isa = PBXFileReference; lastKnownFileType = wrapper.framework; name = AudioToolbox.framework; path = System/Library/Frameworks/AudioToolbox.framework; sourceTree = SDKROOT; };
		C383292A1710387D00E59967 /* AVFoundation.framework */ = {isa = PBXFileReference; lastKnownFileType = wrapper.framework; name = AVFoundation.framework; path = System/Library/Frameworks/AVFoundation.framework; sourceTree = SDKROOT; };
		C383292C1710388600E59967 /* CFNetwork.framework */ = {isa = PBXFileReference; lastKnownFileType = wrapper.framework; name = CFNetwork.framework; path = System/Library/Frameworks/CFNetwork.framework; sourceTree = SDKROOT; };
		C383292E171038DA00E59967 /* CoreAudio.framework */ = {isa = PBXFileReference; lastKnownFileType = wrapper.framework; name = CoreAudio.framework; path = System/Library/Frameworks/CoreAudio.framework; sourceTree = SDKROOT; };
		C3832930171038E600E59967 /* CoreMedia.framework */ = {isa = PBXFileReference; lastKnownFileType = wrapper.framework; name = CoreMedia.framework; path = System/Library/Frameworks/CoreMedia.framework; sourceTree = SDKROOT; };
		C3832932171038ED00E59967 /* CoreVideo.framework */ = {isa = PBXFileReference; lastKnownFileType = wrapper.framework; name = CoreVideo.framework; path = System/Library/Frameworks/CoreVideo.framework; sourceTree = SDKROOT; };
		C38329341710395200E59967 /* libstdc++.dylib */ = {isa = PBXFileReference; lastKnownFileType = "compiled.mach-o.dylib"; name = "libstdc++.dylib"; path = "usr/lib/libstdc++.dylib"; sourceTree = SDKROOT; };
		C38329361710395900E59967 /* libz.dylib */ = {isa = PBXFileReference; lastKnownFileType = "compiled.mach-o.dylib"; name = libz.dylib; path = usr/lib/libz.dylib; sourceTree = SDKROOT; };
		C38329381710399300E59967 /* MobileCoreServices.framework */ = {isa = PBXFileReference; lastKnownFileType = wrapper.framework; name = MobileCoreServices.framework; path = System/Library/Frameworks/MobileCoreServices.framework; sourceTree = SDKROOT; };
		C383293A171039A100E59967 /* OpenGLES.framework */ = {isa = PBXFileReference; lastKnownFileType = wrapper.framework; name = OpenGLES.framework; path = System/Library/Frameworks/OpenGLES.framework; sourceTree = SDKROOT; };
		C383293C171039A600E59967 /* QuartzCore.framework */ = {isa = PBXFileReference; lastKnownFileType = wrapper.framework; name = QuartzCore.framework; path = System/Library/Frameworks/QuartzCore.framework; sourceTree = SDKROOT; };
		C383293E171039AB00E59967 /* Security.framework */ = {isa = PBXFileReference; lastKnownFileType = wrapper.framework; name = Security.framework; path = System/Library/Frameworks/Security.framework; sourceTree = SDKROOT; };
		C3832940171039B300E59967 /* SystemConfiguration.framework */ = {isa = PBXFileReference; lastKnownFileType = wrapper.framework; name = SystemConfiguration.framework; path = System/Library/Frameworks/SystemConfiguration.framework; sourceTree = SDKROOT; };
		C38CA6831712B36100BDC5EF /* SettingsViewController.h */ = {isa = PBXFileReference; fileEncoding = 4; lastKnownFileType = sourcecode.c.h; path = SettingsViewController.h; sourceTree = "<group>"; };
		C38CA6841712B36100BDC5EF /* SettingsViewController.m */ = {isa = PBXFileReference; fileEncoding = 4; lastKnownFileType = sourcecode.c.objc; path = SettingsViewController.m; sourceTree = "<group>"; };
		C38F5F7B170E986E0010B36C /* Lightoak.app */ = {isa = PBXFileReference; explicitFileType = wrapper.application; includeInIndex = 0; path = Lightoak.app; sourceTree = BUILT_PRODUCTS_DIR; };
		C38F5F7E170E986E0010B36C /* UIKit.framework */ = {isa = PBXFileReference; lastKnownFileType = wrapper.framework; name = UIKit.framework; path = System/Library/Frameworks/UIKit.framework; sourceTree = SDKROOT; };
		C38F5F80170E986E0010B36C /* Foundation.framework */ = {isa = PBXFileReference; lastKnownFileType = wrapper.framework; name = Foundation.framework; path = System/Library/Frameworks/Foundation.framework; sourceTree = SDKROOT; };
		C38F5F82170E986E0010B36C /* CoreGraphics.framework */ = {isa = PBXFileReference; lastKnownFileType = wrapper.framework; name = CoreGraphics.framework; path = System/Library/Frameworks/CoreGraphics.framework; sourceTree = SDKROOT; };
		C38F5F86170E986E0010B36C /* Lightoak-Info.plist */ = {isa = PBXFileReference; lastKnownFileType = text.plist.xml; path = "Lightoak-Info.plist"; sourceTree = "<group>"; };
		C38F5F88170E986E0010B36C /* en */ = {isa = PBXFileReference; lastKnownFileType = text.plist.strings; name = en; path = en.lproj/InfoPlist.strings; sourceTree = "<group>"; };
		C38F5F8A170E986E0010B36C /* main.m */ = {isa = PBXFileReference; lastKnownFileType = sourcecode.c.objc; path = main.m; sourceTree = "<group>"; };
		C38F5F8C170E986E0010B36C /* Lightoak-Prefix.pch */ = {isa = PBXFileReference; lastKnownFileType = sourcecode.c.h; path = "Lightoak-Prefix.pch"; sourceTree = "<group>"; };
		C38F5F8D170E986E0010B36C /* AppDelegate.h */ = {isa = PBXFileReference; lastKnownFileType = sourcecode.c.h; path = AppDelegate.h; sourceTree = "<group>"; };
		C38F5F8E170E986E0010B36C /* AppDelegate.m */ = {isa = PBXFileReference; lastKnownFileType = sourcecode.c.objc; path = AppDelegate.m; sourceTree = "<group>"; };
		C38F5F90170E986E0010B36C /* Default.png */ = {isa = PBXFileReference; lastKnownFileType = image.png; path = Default.png; sourceTree = "<group>"; };
		C38F5F92170E986E0010B36C /* Default@2x.png */ = {isa = PBXFileReference; lastKnownFileType = image.png; path = "Default@2x.png"; sourceTree = "<group>"; };
		C38F5F94170E986E0010B36C /* Default-568h@2x.png */ = {isa = PBXFileReference; lastKnownFileType = image.png; path = "Default-568h@2x.png"; sourceTree = "<group>"; };
		C38F5F97170E986E0010B36C /* en */ = {isa = PBXFileReference; lastKnownFileType = file.storyboard; name = en; path = en.lproj/MainStoryboard_iPhone.storyboard; sourceTree = "<group>"; };
		C38F5F9A170E986E0010B36C /* en */ = {isa = PBXFileReference; lastKnownFileType = file.storyboard; name = en; path = en.lproj/MainStoryboard_iPad.storyboard; sourceTree = "<group>"; };
		C38F5F9C170E986E0010B36C /* ViewController.h */ = {isa = PBXFileReference; lastKnownFileType = sourcecode.c.h; path = ViewController.h; sourceTree = "<group>"; };
		C38F5F9D170E986E0010B36C /* ViewController.m */ = {isa = PBXFileReference; lastKnownFileType = sourcecode.c.objc; path = ViewController.m; sourceTree = "<group>"; };
		C38F6A67171409C400FAB30A /* LessonsTestViewController.h */ = {isa = PBXFileReference; fileEncoding = 4; lastKnownFileType = sourcecode.c.h; path = LessonsTestViewController.h; sourceTree = "<group>"; };
		C38F6A68171409C400FAB30A /* LessonsTestViewController.m */ = {isa = PBXFileReference; fileEncoding = 4; lastKnownFileType = sourcecode.c.objc; path = LessonsTestViewController.m; sourceTree = "<group>"; };
		C38FB90717122AEA00743A25 /* CroppingViewController.h */ = {isa = PBXFileReference; fileEncoding = 4; lastKnownFileType = sourcecode.c.h; path = CroppingViewController.h; sourceTree = "<group>"; };
		C38FB90817122AEA00743A25 /* CroppingViewController.m */ = {isa = PBXFileReference; fileEncoding = 4; lastKnownFileType = sourcecode.c.objc; path = CroppingViewController.m; sourceTree = "<group>"; };
		C38FB90A1712395300743A25 /* UIProfileTableViewCell.h */ = {isa = PBXFileReference; fileEncoding = 4; lastKnownFileType = sourcecode.c.h; path = UIProfileTableViewCell.h; sourceTree = "<group>"; };
		C38FB90B1712395300743A25 /* UIProfileTableViewCell.m */ = {isa = PBXFileReference; fileEncoding = 4; lastKnownFileType = sourcecode.c.objc; path = UIProfileTableViewCell.m; sourceTree = "<group>"; };
		C38FB90D1712396E00743A25 /* UIProfileTableViewCell.xib */ = {isa = PBXFileReference; fileEncoding = 4; lastKnownFileType = file.xib; path = UIProfileTableViewCell.xib; sourceTree = "<group>"; };
		C38FB91017123C9100743A25 /* LessonsViewController.h */ = {isa = PBXFileReference; fileEncoding = 4; lastKnownFileType = sourcecode.c.h; path = LessonsViewController.h; sourceTree = "<group>"; };
		C38FB91117123C9100743A25 /* LessonsViewController.m */ = {isa = PBXFileReference; fileEncoding = 4; lastKnownFileType = sourcecode.c.objc; path = LessonsViewController.m; sourceTree = "<group>"; };
		C39006D31712FA8100783018 /* PTSans.ttc */ = {isa = PBXFileReference; lastKnownFileType = file; path = PTSans.ttc; sourceTree = "<group>"; };
		C39006D61712FCB700783018 /* PTC55F.ttf */ = {isa = PBXFileReference; lastKnownFileType = file; path = PTC55F.ttf; sourceTree = "<group>"; };
		C39006D81712FD0400783018 /* PTC75F.ttf */ = {isa = PBXFileReference; lastKnownFileType = file; path = PTC75F.ttf; sourceTree = "<group>"; };
		C39006DA1713045900783018 /* loginpass.png */ = {isa = PBXFileReference; lastKnownFileType = image.png; path = loginpass.png; sourceTree = "<group>"; };
		C39006DC171307B200783018 /* login.png */ = {isa = PBXFileReference; lastKnownFileType = image.png; path = login.png; sourceTree = "<group>"; };
		C39006DD171307B200783018 /* reg.png */ = {isa = PBXFileReference; lastKnownFileType = image.png; path = reg.png; sourceTree = "<group>"; };
		C39006E017130D3500783018 /* regform.png */ = {isa = PBXFileReference; lastKnownFileType = image.png; path = regform.png; sourceTree = "<group>"; };
		C39006E21713178300783018 /* reg_on.png */ = {isa = PBXFileReference; lastKnownFileType = image.png; path = reg_on.png; sourceTree = "<group>"; };
		C39006E417131CA900783018 /* navbar.png */ = {isa = PBXFileReference; lastKnownFileType = image.png; path = navbar.png; sourceTree = "<group>"; };
		C39006E6171323D000783018 /* NavigationViewController.h */ = {isa = PBXFileReference; fileEncoding = 4; lastKnownFileType = sourcecode.c.h; path = NavigationViewController.h; sourceTree = "<group>"; };
		C39006E7171323D000783018 /* NavigationViewController.m */ = {isa = PBXFileReference; fileEncoding = 4; lastKnownFileType = sourcecode.c.objc; path = NavigationViewController.m; sourceTree = "<group>"; };
		C39006E9171327B600783018 /* NavigationBar.h */ = {isa = PBXFileReference; fileEncoding = 4; lastKnownFileType = sourcecode.c.h; path = NavigationBar.h; sourceTree = "<group>"; };
		C39006EA171327B700783018 /* NavigationBar.m */ = {isa = PBXFileReference; fileEncoding = 4; lastKnownFileType = sourcecode.c.objc; path = NavigationBar.m; sourceTree = "<group>"; };
		C3B96A471713B0A600B1C81C /* back.png */ = {isa = PBXFileReference; lastKnownFileType = image.png; path = back.png; sourceTree = "<group>"; };
		C3BE487D17136EB60001FFBD /* tabbar.png */ = {isa = PBXFileReference; lastKnownFileType = image.png; path = tabbar.png; sourceTree = "<group>"; };
		C3BE487F17136F2E0001FFBD /* tabbar_selected.png */ = {isa = PBXFileReference; lastKnownFileType = image.png; path = tabbar_selected.png; sourceTree = "<group>"; };
		C3BE4898171387750001FFBD /* settings_white@2x.png */ = {isa = PBXFileReference; lastKnownFileType = image.png; path = "settings_white@2x.png"; sourceTree = "<group>"; };
		C3BE4899171387750001FFBD /* settings_white.png */ = {isa = PBXFileReference; lastKnownFileType = image.png; path = settings_white.png; sourceTree = "<group>"; };
		C3BE489A171387750001FFBD /* user_white@2x.png */ = {isa = PBXFileReference; lastKnownFileType = image.png; path = "user_white@2x.png"; sourceTree = "<group>"; };
		C3BE489B171387750001FFBD /* user_white.png */ = {isa = PBXFileReference; lastKnownFileType = image.png; path = user_white.png; sourceTree = "<group>"; };
		C3BE48A61713896F0001FFBD /* posts_white@2x.png */ = {isa = PBXFileReference; lastKnownFileType = image.png; path = "posts_white@2x.png"; sourceTree = "<group>"; };
		C3BE48A71713896F0001FFBD /* posts_white.png */ = {isa = PBXFileReference; lastKnownFileType = image.png; path = posts_white.png; sourceTree = "<group>"; };
		C3BE48AC17138A960001FFBD /* leaf@2x.png */ = {isa = PBXFileReference; lastKnownFileType = image.png; path = "leaf@2x.png"; sourceTree = "<group>"; };
		C3BE48AD17138A960001FFBD /* leaf.png */ = {isa = PBXFileReference; lastKnownFileType = image.png; path = leaf.png; sourceTree = "<group>"; };
		C3BE48B017138ECF0001FFBD /* active_lesson.png */ = {isa = PBXFileReference; lastKnownFileType = image.png; path = active_lesson.png; sourceTree = "<group>"; };
		C3BE48B21713916A0001FFBD /* belov.png */ = {isa = PBXFileReference; lastKnownFileType = image.png; path = belov.png; sourceTree = "<group>"; };
		C3BE48B4171391E40001FFBD /* belov@2x.png */ = {isa = PBXFileReference; lastKnownFileType = image.png; path = "belov@2x.png"; sourceTree = "<group>"; };
		C3BE48B6171397CD0001FFBD /* TextField.h */ = {isa = PBXFileReference; fileEncoding = 4; lastKnownFileType = sourcecode.c.h; path = TextField.h; sourceTree = "<group>"; };
		C3BE48B7171397CD0001FFBD /* TextField.m */ = {isa = PBXFileReference; fileEncoding = 4; lastKnownFileType = sourcecode.c.objc; path = TextField.m; sourceTree = "<group>"; };
		C3BE48B917139ABE0001FFBD /* microphone.png */ = {isa = PBXFileReference; lastKnownFileType = image.png; path = microphone.png; sourceTree = "<group>"; };
		C3BE48BA17139ABF0001FFBD /* microphone@2x.png */ = {isa = PBXFileReference; lastKnownFileType = image.png; path = "microphone@2x.png"; sourceTree = "<group>"; };
		C3BE48BD17139E330001FFBD /* chat@2x.png */ = {isa = PBXFileReference; lastKnownFileType = image.png; path = "chat@2x.png"; sourceTree = "<group>"; };
		C3BE48BE17139E340001FFBD /* chat.png */ = {isa = PBXFileReference; lastKnownFileType = image.png; path = chat.png; sourceTree = "<group>"; };
		C3BE48BF17139E350001FFBD /* eye@2x.png */ = {isa = PBXFileReference; lastKnownFileType = image.png; path = "eye@2x.png"; sourceTree = "<group>"; };
		C3BE48C017139E360001FFBD /* eye_white.png */ = {isa = PBXFileReference; lastKnownFileType = image.png; path = eye_white.png; sourceTree = "<group>"; };
		C3BE48C117139E370001FFBD /* pause@2x.png */ = {isa = PBXFileReference; lastKnownFileType = image.png; path = "pause@2x.png"; sourceTree = "<group>"; };
		C3BE48C217139E370001FFBD /* pause.png */ = {isa = PBXFileReference; lastKnownFileType = image.png; path = pause.png; sourceTree = "<group>"; };
		C3BE48C91713A07E0001FFBD /* warning.png */ = {isa = PBXFileReference; lastKnownFileType = image.png; path = warning.png; sourceTree = "<group>"; };
		C3BE48CA1713A07E0001FFBD /* warning@2x.png */ = {isa = PBXFileReference; lastKnownFileType = image.png; path = "warning@2x.png"; sourceTree = "<group>"; };
		C3BE48CD1713A5E30001FFBD /* progress.png */ = {isa = PBXFileReference; lastKnownFileType = image.png; path = progress.png; sourceTree = "<group>"; };
		C3BE48CE1713A5E40001FFBD /* track.png */ = {isa = PBXFileReference; lastKnownFileType = image.png; path = track.png; sourceTree = "<group>"; };
		C3DFD1C11712B75300ECCD54 /* TreeViewController.h */ = {isa = PBXFileReference; fileEncoding = 4; lastKnownFileType = sourcecode.c.h; path = TreeViewController.h; sourceTree = "<group>"; };
		C3DFD1C21712B75300ECCD54 /* TreeViewController.m */ = {isa = PBXFileReference; fileEncoding = 4; lastKnownFileType = sourcecode.c.objc; path = TreeViewController.m; sourceTree = "<group>"; };
/* End PBXFileReference section */

/* Begin PBXFrameworksBuildPhase section */
		C38F5F78170E986D0010B36C /* Frameworks */ = {
			isa = PBXFrameworksBuildPhase;
			buildActionMask = 2147483647;
			files = (
				C38F5F7F170E986E0010B36C /* UIKit.framework in Frameworks */,
				C3832941171039B400E59967 /* SystemConfiguration.framework in Frameworks */,
				C383293F171039AB00E59967 /* Security.framework in Frameworks */,
				C383293D171039A600E59967 /* QuartzCore.framework in Frameworks */,
				C383293B171039A100E59967 /* OpenGLES.framework in Frameworks */,
				C38329391710399300E59967 /* MobileCoreServices.framework in Frameworks */,
				C38329371710395900E59967 /* libz.dylib in Frameworks */,
				C38329351710395200E59967 /* libstdc++.dylib in Frameworks */,
				C3832933171038ED00E59967 /* CoreVideo.framework in Frameworks */,
				C3832931171038E700E59967 /* CoreMedia.framework in Frameworks */,
				C383292F171038DA00E59967 /* CoreAudio.framework in Frameworks */,
				C383292D1710388600E59967 /* CFNetwork.framework in Frameworks */,
				C383292B1710387D00E59967 /* AVFoundation.framework in Frameworks */,
				C38329291710384B00E59967 /* AudioToolbox.framework in Frameworks */,
				C38329271710380900E59967 /* CoreTelephony.framework in Frameworks */,
				C38F5F81170E986E0010B36C /* Foundation.framework in Frameworks */,
				C38F5F83170E986E0010B36C /* CoreGraphics.framework in Frameworks */,
				C3832917171036AA00E59967 /* Opentok.framework in Frameworks */,
			);
			runOnlyForDeploymentPostprocessing = 0;
		};
/* End PBXFrameworksBuildPhase section */

/* Begin PBXGroup section */
		C3832908171030D000E59967 /* IPhone */ = {
			isa = PBXGroup;
			children = (
				C39006E9171327B600783018 /* NavigationBar.h */,
				C39006EA171327B700783018 /* NavigationBar.m */,
				C39006E6171323D000783018 /* NavigationViewController.h */,
				C39006E7171323D000783018 /* NavigationViewController.m */,
				C3BE4881171372020001FFBD /* images */,
				C383290D1710313000E59967 /* Second scenario */,
				C38329091710310800E59967 /* First scenario */,
			);
			name = IPhone;
			sourceTree = "<group>";
		};
		C38329091710310800E59967 /* First scenario */ = {
			isa = PBXGroup;
			children = (
				C38FB90717122AEA00743A25 /* CroppingViewController.h */,
				C38FB90817122AEA00743A25 /* CroppingViewController.m */,
				C362B62B170F196200997882 /* AuthViewController.h */,
				C362B62C170F196300997882 /* AuthViewController.m */,
				C383290A1710312600E59967 /* RegistrationViewController.h */,
				C383290B1710312600E59967 /* RegistrationViewController.m */,
				C3BE48B6171397CD0001FFBD /* TextField.h */,
				C3BE48B7171397CD0001FFBD /* TextField.m */,
			);
			name = "First scenario";
			sourceTree = "<group>";
		};
		C383290D1710313000E59967 /* Second scenario */ = {
			isa = PBXGroup;
			children = (
				C3DFD1C01712B70000ECCD54 /* Tree */,
				C383290E1710313B00E59967 /* Home */,
			);
			name = "Second scenario";
			sourceTree = "<group>";
		};
		C383290E1710313B00E59967 /* Home */ = {
			isa = PBXGroup;
			children = (
				C3832905171030C700E59967 /* TabBarViewController.h */,
				C3832906171030C700E59967 /* TabBarViewController.m */,
				C38CA6861712B36900BDC5EF /* Settings */,
				C38FB90F17123C7800743A25 /* Lessons */,
				C383290F1710357400E59967 /* Profile */,
			);
			name = Home;
			sourceTree = "<group>";
		};
		C383290F1710357400E59967 /* Profile */ = {
			isa = PBXGroup;
			children = (
				C3832910171035C400E59967 /* ProfileViewController.h */,
				C3832911171035C400E59967 /* ProfileViewController.m */,
				C38329151710361100E59967 /* Video scenario */,
				C38329141710360A00E59967 /* Chat scenario */,
			);
			name = Profile;
			sourceTree = "<group>";
		};
		C38329141710360A00E59967 /* Chat scenario */ = {
			isa = PBXGroup;
			children = (
				C3829366170F106C003FA569 /* ChatViewController.h */,
				C3829367170F106C003FA569 /* ChatViewController.m */,
			);
			name = "Chat scenario";
			sourceTree = "<group>";
		};
		C38329151710361100E59967 /* Video scenario */ = {
			isa = PBXGroup;
			children = (
				C383291A1710371500E59967 /* UIButtonVideoView.h */,
				C383291B1710371500E59967 /* UIButtonVideoView.m */,
				C383291C1710371500E59967 /* UIProgressLessonView.h */,
				C383291D1710371500E59967 /* UIProgressLessonView.m */,
				C383291E1710371500E59967 /* UIToolbarVideoView.h */,
				C383291F1710371500E59967 /* UIToolbarVideoView.m */,
				C38329201710371500E59967 /* VideoLessonController.h */,
				C38329211710371500E59967 /* VideoLessonController.m */,
			);
			name = "Video scenario";
			sourceTree = "<group>";
		};
		C38CA6861712B36900BDC5EF /* Settings */ = {
			isa = PBXGroup;
			children = (
				C38CA6831712B36100BDC5EF /* SettingsViewController.h */,
				C38CA6841712B36100BDC5EF /* SettingsViewController.m */,
			);
			name = Settings;
			sourceTree = "<group>";
		};
		C38F5F72170E986D0010B36C = {
			isa = PBXGroup;
			children = (
				C38F5F84170E986E0010B36C /* Lightoak */,
				C38F5F7D170E986E0010B36C /* Frameworks */,
				C38F5F7C170E986E0010B36C /* Products */,
			);
			sourceTree = "<group>";
		};
		C38F5F7C170E986E0010B36C /* Products */ = {
			isa = PBXGroup;
			children = (
				C38F5F7B170E986E0010B36C /* Lightoak.app */,
			);
			name = Products;
			sourceTree = "<group>";
		};
		C38F5F7D170E986E0010B36C /* Frameworks */ = {
			isa = PBXGroup;
			children = (
				C3832940171039B300E59967 /* SystemConfiguration.framework */,
				C383293E171039AB00E59967 /* Security.framework */,
				C383293C171039A600E59967 /* QuartzCore.framework */,
				C383293A171039A100E59967 /* OpenGLES.framework */,
				C38329381710399300E59967 /* MobileCoreServices.framework */,
				C38329361710395900E59967 /* libz.dylib */,
				C38329341710395200E59967 /* libstdc++.dylib */,
				C3832932171038ED00E59967 /* CoreVideo.framework */,
				C3832930171038E600E59967 /* CoreMedia.framework */,
				C383292E171038DA00E59967 /* CoreAudio.framework */,
				C383292C1710388600E59967 /* CFNetwork.framework */,
				C383292A1710387D00E59967 /* AVFoundation.framework */,
				C38329281710384600E59967 /* AudioToolbox.framework */,
				C3832926171037FF00E59967 /* CoreTelephony.framework */,
				C3832916171036AA00E59967 /* Opentok.framework */,
				C38F5F7E170E986E0010B36C /* UIKit.framework */,
				C38F5F80170E986E0010B36C /* Foundation.framework */,
				C38F5F82170E986E0010B36C /* CoreGraphics.framework */,
			);
			name = Frameworks;
			sourceTree = "<group>";
		};
		C38F5F84170E986E0010B36C /* Lightoak */ = {
			isa = PBXGroup;
			children = (
				C3832918171036C000E59967 /* opentok.bundle */,
				C3832908171030D000E59967 /* IPhone */,
				C38F5F8D170E986E0010B36C /* AppDelegate.h */,
				C38F5F8E170E986E0010B36C /* AppDelegate.m */,
				C38F5F96170E986E0010B36C /* MainStoryboard_iPhone.storyboard */,
				C38F5F99170E986E0010B36C /* MainStoryboard_iPad.storyboard */,
				C38F5F9C170E986E0010B36C /* ViewController.h */,
				C38F5F9D170E986E0010B36C /* ViewController.m */,
				C38F5F85170E986E0010B36C /* Supporting Files */,
			);
			path = Lightoak;
			sourceTree = "<group>";
		};
		C38F5F85170E986E0010B36C /* Supporting Files */ = {
			isa = PBXGroup;
			children = (
				C39006BE1712EEAB00783018 /* Font */,
				C38F5F86170E986E0010B36C /* Lightoak-Info.plist */,
				C38F5F87170E986E0010B36C /* InfoPlist.strings */,
				C38F5F8A170E986E0010B36C /* main.m */,
				C38F5F8C170E986E0010B36C /* Lightoak-Prefix.pch */,
				C38F5F90170E986E0010B36C /* Default.png */,
				C38F5F92170E986E0010B36C /* Default@2x.png */,
				C38F5F94170E986E0010B36C /* Default-568h@2x.png */,
			);
			name = "Supporting Files";
			sourceTree = "<group>";
		};
		C38FB90F17123C7800743A25 /* Lessons */ = {
			isa = PBXGroup;
			children = (
				C38FB91017123C9100743A25 /* LessonsViewController.h */,
				C38FB91117123C9100743A25 /* LessonsViewController.m */,
				C38FB90D1712396E00743A25 /* UIProfileTableViewCell.xib */,
				C38FB90A1712395300743A25 /* UIProfileTableViewCell.h */,
				C38FB90B1712395300743A25 /* UIProfileTableViewCell.m */,
				C380CEF81712D59200901DEC /* CLesson.h */,
				C380CEF91712D59200901DEC /* CLesson.m */,
				C38F6A67171409C400FAB30A /* LessonsTestViewController.h */,
				C38F6A68171409C400FAB30A /* LessonsTestViewController.m */,
			);
			name = Lessons;
			sourceTree = "<group>";
		};
		C39006BE1712EEAB00783018 /* Font */ = {
			isa = PBXGroup;
			children = (
				C39006BF1712EEB200783018 /* PTSans */,
			);
			name = Font;
			sourceTree = "<group>";
		};
		C39006BF1712EEB200783018 /* PTSans */ = {
			isa = PBXGroup;
			children = (
				C39006D81712FD0400783018 /* PTC75F.ttf */,
				C39006D61712FCB700783018 /* PTC55F.ttf */,
				C39006D31712FA8100783018 /* PTSans.ttc */,
			);
			name = PTSans;
			sourceTree = "<group>";
		};
		C3BE4881171372020001FFBD /* images */ = {
			isa = PBXGroup;
			children = (
				C333D1C817140DAA00FE7BA3 /* students.png */,
				C333D1C617140B0C00FE7BA3 /* teachers.png */,
				C3B96A471713B0A600B1C81C /* back.png */,
				C3BE48B917139ABE0001FFBD /* microphone.png */,
				C3BE48BA17139ABF0001FFBD /* microphone@2x.png */,
				C3BE48B4171391E40001FFBD /* belov@2x.png */,
				C3BE48B21713916A0001FFBD /* belov.png */,
				C3BE48B017138ECF0001FFBD /* active_lesson.png */,
				C3BE48AC17138A960001FFBD /* leaf@2x.png */,
				C3BE48AD17138A960001FFBD /* leaf.png */,
				C3BE48A61713896F0001FFBD /* posts_white@2x.png */,
				C3BE48A71713896F0001FFBD /* posts_white.png */,
				C3BE4898171387750001FFBD /* settings_white@2x.png */,
				C3BE4899171387750001FFBD /* settings_white.png */,
				C3BE489A171387750001FFBD /* user_white@2x.png */,
				C3BE489B171387750001FFBD /* user_white.png */,
				C3BE487F17136F2E0001FFBD /* tabbar_selected.png */,
				C3BE487D17136EB60001FFBD /* tabbar.png */,
				C39006E417131CA900783018 /* navbar.png */,
				C39006E21713178300783018 /* reg_on.png */,
				C39006E017130D3500783018 /* regform.png */,
				C39006DC171307B200783018 /* login.png */,
				C39006DD171307B200783018 /* reg.png */,
				C39006DA1713045900783018 /* loginpass.png */,
				C3BE48BD17139E330001FFBD /* chat@2x.png */,
				C3BE48BE17139E340001FFBD /* chat.png */,
				C3BE48BF17139E350001FFBD /* eye@2x.png */,
				C3BE48C017139E360001FFBD /* eye_white.png */,
				C3BE48C117139E370001FFBD /* pause@2x.png */,
				C3BE48C217139E370001FFBD /* pause.png */,
				C3BE48C91713A07E0001FFBD /* warning.png */,
				C3BE48CA1713A07E0001FFBD /* warning@2x.png */,
				C3BE48CD1713A5E30001FFBD /* progress.png */,
				C3BE48CE1713A5E40001FFBD /* track.png */,
			);
			name = images;
			sourceTree = "<group>";
		};
		C3DFD1C01712B70000ECCD54 /* Tree */ = {
			isa = PBXGroup;
			children = (
				C3DFD1C11712B75300ECCD54 /* TreeViewController.h */,
				C3DFD1C21712B75300ECCD54 /* TreeViewController.m */,
			);
			name = Tree;
			sourceTree = "<group>";
		};
/* End PBXGroup section */

/* Begin PBXNativeTarget section */
		C38F5F7A170E986D0010B36C /* Lightoak */ = {
			isa = PBXNativeTarget;
			buildConfigurationList = C38F5FA1170E986E0010B36C /* Build configuration list for PBXNativeTarget "Lightoak" */;
			buildPhases = (
				C38F5F77170E986D0010B36C /* Sources */,
				C38F5F78170E986D0010B36C /* Frameworks */,
				C38F5F79170E986D0010B36C /* Resources */,
			);
			buildRules = (
			);
			dependencies = (
			);
			name = Lightoak;
			productName = Lightoak;
			productReference = C38F5F7B170E986E0010B36C /* Lightoak.app */;
			productType = "com.apple.product-type.application";
		};
/* End PBXNativeTarget section */

/* Begin PBXProject section */
		C38F5F73170E986D0010B36C /* Project object */ = {
			isa = PBXProject;
			attributes = {
				LastUpgradeCheck = 0460;
				ORGANIZATIONNAME = "Three way studio";
			};
			buildConfigurationList = C38F5F76170E986D0010B36C /* Build configuration list for PBXProject "Lightoak" */;
			compatibilityVersion = "Xcode 3.2";
			developmentRegion = English;
			hasScannedForEncodings = 0;
			knownRegions = (
				en,
			);
			mainGroup = C38F5F72170E986D0010B36C;
			productRefGroup = C38F5F7C170E986E0010B36C /* Products */;
			projectDirPath = "";
			projectRoot = "";
			targets = (
				C38F5F7A170E986D0010B36C /* Lightoak */,
			);
		};
/* End PBXProject section */

/* Begin PBXResourcesBuildPhase section */
		C38F5F79170E986D0010B36C /* Resources */ = {
			isa = PBXResourcesBuildPhase;
			buildActionMask = 2147483647;
			files = (
				C38F5F89170E986E0010B36C /* InfoPlist.strings in Resources */,
				C38F5F91170E986E0010B36C /* Default.png in Resources */,
				C38F5F93170E986E0010B36C /* Default@2x.png in Resources */,
				C38F5F95170E986E0010B36C /* Default-568h@2x.png in Resources */,
				C38F5F98170E986E0010B36C /* MainStoryboard_iPhone.storyboard in Resources */,
				C38F5F9B170E986E0010B36C /* MainStoryboard_iPad.storyboard in Resources */,
				C3832919171036C000E59967 /* opentok.bundle in Resources */,
				C38FB90E1712396E00743A25 /* UIProfileTableViewCell.xib in Resources */,
				C39006D41712FA8100783018 /* PTSans.ttc in Resources */,
				C39006D51712FC0100783018 /* Lightoak-Info.plist in Resources */,
				C39006D71712FCB700783018 /* PTC55F.ttf in Resources */,
				C39006D91712FD0400783018 /* PTC75F.ttf in Resources */,
				C39006DB1713045900783018 /* loginpass.png in Resources */,
				C39006DE171307B300783018 /* login.png in Resources */,
				C39006DF171307B300783018 /* reg.png in Resources */,
				C39006E117130D3500783018 /* regform.png in Resources */,
				C39006E31713178300783018 /* reg_on.png in Resources */,
				C39006E517131CA900783018 /* navbar.png in Resources */,
				C3BE487E17136EB60001FFBD /* tabbar.png in Resources */,
				C3BE488017136F2E0001FFBD /* tabbar_selected.png in Resources */,
				C3BE48A0171387750001FFBD /* settings_white@2x.png in Resources */,
				C3BE48A1171387750001FFBD /* settings_white.png in Resources */,
				C3BE48A2171387750001FFBD /* user_white@2x.png in Resources */,
				C3BE48A3171387750001FFBD /* user_white.png in Resources */,
				C3BE48AA1713896F0001FFBD /* posts_white@2x.png in Resources */,
				C3BE48AB1713896F0001FFBD /* posts_white.png in Resources */,
				C3BE48AE17138A960001FFBD /* leaf@2x.png in Resources */,
				C3BE48AF17138A960001FFBD /* leaf.png in Resources */,
				C3BE48B117138ECF0001FFBD /* active_lesson.png in Resources */,
				C3BE48B31713916A0001FFBD /* belov.png in Resources */,
				C3BE48B5171391E40001FFBD /* belov@2x.png in Resources */,
				C3BE48BB17139ABF0001FFBD /* microphone.png in Resources */,
				C3BE48BC17139ABF0001FFBD /* microphone@2x.png in Resources */,
				C3BE48C317139E370001FFBD /* chat@2x.png in Resources */,
				C3BE48C417139E370001FFBD /* chat.png in Resources */,
				C3BE48C517139E370001FFBD /* eye@2x.png in Resources */,
				C3BE48C617139E370001FFBD /* eye_white.png in Resources */,
				C3BE48C717139E370001FFBD /* pause@2x.png in Resources */,
				C3BE48C817139E370001FFBD /* pause.png in Resources */,
				C3BE48CB1713A07E0001FFBD /* warning.png in Resources */,
				C3BE48CC1713A07E0001FFBD /* warning@2x.png in Resources */,
				C3BE48CF1713A5E40001FFBD /* progress.png in Resources */,
				C3BE48D01713A5E40001FFBD /* track.png in Resources */,
				C3B96A481713B0A600B1C81C /* back.png in Resources */,
				C333D1C717140B0C00FE7BA3 /* teachers.png in Resources */,
				C333D1C917140DAA00FE7BA3 /* students.png in Resources */,
			);
			runOnlyForDeploymentPostprocessing = 0;
		};
/* End PBXResourcesBuildPhase section */

/* Begin PBXSourcesBuildPhase section */
		C38F5F77170E986D0010B36C /* Sources */ = {
			isa = PBXSourcesBuildPhase;
			buildActionMask = 2147483647;
			files = (
				C38F5F8B170E986E0010B36C /* main.m in Sources */,
				C38F5F8F170E986E0010B36C /* AppDelegate.m in Sources */,
				C38F5F9E170E986E0010B36C /* ViewController.m in Sources */,
				C3829368170F106C003FA569 /* ChatViewController.m in Sources */,
				C362B62D170F196300997882 /* AuthViewController.m in Sources */,
				C3832907171030C700E59967 /* TabBarViewController.m in Sources */,
				C383290C1710312600E59967 /* RegistrationViewController.m in Sources */,
				C3832912171035C400E59967 /* ProfileViewController.m in Sources */,
				C38329221710371500E59967 /* UIButtonVideoView.m in Sources */,
				C38329231710371500E59967 /* UIProgressLessonView.m in Sources */,
				C38329241710371500E59967 /* UIToolbarVideoView.m in Sources */,
				C38329251710371500E59967 /* VideoLessonController.m in Sources */,
				C38FB90917122AEA00743A25 /* CroppingViewController.m in Sources */,
				C38FB90C1712395300743A25 /* UIProfileTableViewCell.m in Sources */,
				C38FB91217123C9100743A25 /* LessonsViewController.m in Sources */,
				C38CA6851712B36100BDC5EF /* SettingsViewController.m in Sources */,
				C3DFD1C31712B75300ECCD54 /* TreeViewController.m in Sources */,
				C380CEFA1712D59200901DEC /* CLesson.m in Sources */,
				C39006E8171323D000783018 /* NavigationViewController.m in Sources */,
				C39006EB171327B700783018 /* NavigationBar.m in Sources */,
				C3BE48B8171397CE0001FFBD /* TextField.m in Sources */,
				C38F6A69171409C400FAB30A /* LessonsTestViewController.m in Sources */,
			);
			runOnlyForDeploymentPostprocessing = 0;
		};
/* End PBXSourcesBuildPhase section */

/* Begin PBXVariantGroup section */
		C38F5F87170E986E0010B36C /* InfoPlist.strings */ = {
			isa = PBXVariantGroup;
			children = (
				C38F5F88170E986E0010B36C /* en */,
			);
			name = InfoPlist.strings;
			sourceTree = "<group>";
		};
		C38F5F96170E986E0010B36C /* MainStoryboard_iPhone.storyboard */ = {
			isa = PBXVariantGroup;
			children = (
				C38F5F97170E986E0010B36C /* en */,
			);
			name = MainStoryboard_iPhone.storyboard;
			sourceTree = "<group>";
		};
		C38F5F99170E986E0010B36C /* MainStoryboard_iPad.storyboard */ = {
			isa = PBXVariantGroup;
			children = (
				C38F5F9A170E986E0010B36C /* en */,
			);
			name = MainStoryboard_iPad.storyboard;
			sourceTree = "<group>";
		};
/* End PBXVariantGroup section */

/* Begin XCBuildConfiguration section */
		C38F5F9F170E986E0010B36C /* Debug */ = {
			isa = XCBuildConfiguration;
			buildSettings = {
				ALWAYS_SEARCH_USER_PATHS = NO;
				CLANG_CXX_LANGUAGE_STANDARD = "gnu++0x";
				CLANG_CXX_LIBRARY = "libc++";
				CLANG_ENABLE_OBJC_ARC = YES;
				CLANG_WARN_CONSTANT_CONVERSION = YES;
				CLANG_WARN_EMPTY_BODY = YES;
				CLANG_WARN_ENUM_CONVERSION = YES;
				CLANG_WARN_INT_CONVERSION = YES;
				CLANG_WARN__DUPLICATE_METHOD_MATCH = YES;
				"CODE_SIGN_IDENTITY[sdk=iphoneos*]" = "iPhone Developer";
				COPY_PHASE_STRIP = NO;
				GCC_C_LANGUAGE_STANDARD = gnu99;
				GCC_DYNAMIC_NO_PIC = NO;
				GCC_OPTIMIZATION_LEVEL = 0;
				GCC_PREPROCESSOR_DEFINITIONS = (
					"DEBUG=1",
					"$(inherited)",
				);
				GCC_SYMBOLS_PRIVATE_EXTERN = NO;
				GCC_WARN_ABOUT_RETURN_TYPE = YES;
				GCC_WARN_UNINITIALIZED_AUTOS = YES;
				GCC_WARN_UNUSED_VARIABLE = YES;
				IPHONEOS_DEPLOYMENT_TARGET = 6.1;
				ONLY_ACTIVE_ARCH = YES;
				SDKROOT = iphoneos;
				TARGETED_DEVICE_FAMILY = "1,2";
			};
			name = Debug;
		};
		C38F5FA0170E986E0010B36C /* Release */ = {
			isa = XCBuildConfiguration;
			buildSettings = {
				ALWAYS_SEARCH_USER_PATHS = NO;
				CLANG_CXX_LANGUAGE_STANDARD = "gnu++0x";
				CLANG_CXX_LIBRARY = "libc++";
				CLANG_ENABLE_OBJC_ARC = YES;
				CLANG_WARN_CONSTANT_CONVERSION = YES;
				CLANG_WARN_EMPTY_BODY = YES;
				CLANG_WARN_ENUM_CONVERSION = YES;
				CLANG_WARN_INT_CONVERSION = YES;
				CLANG_WARN__DUPLICATE_METHOD_MATCH = YES;
				"CODE_SIGN_IDENTITY[sdk=iphoneos*]" = "iPhone Developer";
				COPY_PHASE_STRIP = YES;
				GCC_C_LANGUAGE_STANDARD = gnu99;
				GCC_WARN_ABOUT_RETURN_TYPE = YES;
				GCC_WARN_UNINITIALIZED_AUTOS = YES;
				GCC_WARN_UNUSED_VARIABLE = YES;
				IPHONEOS_DEPLOYMENT_TARGET = 6.1;
				OTHER_CFLAGS = "-DNS_BLOCK_ASSERTIONS=1";
				SDKROOT = iphoneos;
				TARGETED_DEVICE_FAMILY = "1,2";
				VALIDATE_PRODUCT = YES;
			};
			name = Release;
		};
		C38F5FA2170E986E0010B36C /* Debug */ = {
			isa = XCBuildConfiguration;
			buildSettings = {
				FRAMEWORK_SEARCH_PATHS = (
					"$(inherited)",
					"\"$(SRCROOT)\"",
				);
				GCC_PRECOMPILE_PREFIX_HEADER = YES;
				GCC_PREFIX_HEADER = "Lightoak/Lightoak-Prefix.pch";
				INFOPLIST_FILE = "Lightoak/Lightoak-Info.plist";
				ONLY_ACTIVE_ARCH = NO;
				OTHER_LDFLAGS = "-ObjC";
				PRODUCT_NAME = "$(TARGET_NAME)";
				VALID_ARCHS = armv7;
				WRAPPER_EXTENSION = app;
			};
			name = Debug;
		};
		C38F5FA3170E986E0010B36C /* Release */ = {
			isa = XCBuildConfiguration;
			buildSettings = {
				FRAMEWORK_SEARCH_PATHS = (
					"$(inherited)",
					"\"$(SRCROOT)\"",
				);
				GCC_PRECOMPILE_PREFIX_HEADER = YES;
				GCC_PREFIX_HEADER = "Lightoak/Lightoak-Prefix.pch";
				INFOPLIST_FILE = "Lightoak/Lightoak-Info.plist";
				ONLY_ACTIVE_ARCH = NO;
				OTHER_LDFLAGS = "-ObjC";
				PRODUCT_NAME = "$(TARGET_NAME)";
				VALID_ARCHS = armv7;
				WRAPPER_EXTENSION = app;
			};
			name = Release;
		};
/* End XCBuildConfiguration section */

/* Begin XCConfigurationList section */
		C38F5F76170E986D0010B36C /* Build configuration list for PBXProject "Lightoak" */ = {
			isa = XCConfigurationList;
			buildConfigurations = (
				C38F5F9F170E986E0010B36C /* Debug */,
				C38F5FA0170E986E0010B36C /* Release */,
			);
			defaultConfigurationIsVisible = 0;
			defaultConfigurationName = Release;
		};
		C38F5FA1170E986E0010B36C /* Build configuration list for PBXNativeTarget "Lightoak" */ = {
			isa = XCConfigurationList;
			buildConfigurations = (
				C38F5FA2170E986E0010B36C /* Debug */,
				C38F5FA3170E986E0010B36C /* Release */,
			);
			defaultConfigurationIsVisible = 0;
			defaultConfigurationName = Release;
		};
/* End XCConfigurationList section */
	};
	rootObject = C38F5F73170E986D0010B36C /* Project object */;
}
