// !$*UTF8*$!
{
	archiveVersion = 1;
	classes = {
	};
	objectVersion = 46;
	objects = {

/* Begin PBXBuildFile section */
		C3829368170F106C003FA569 /* ChatViewController.m in Sources */ = {isa = PBXBuildFile; fileRef = C3829367170F106C003FA569 /* ChatViewController.m */; };
		C3832917171036AA00E59967 /* Opentok.framework in Frameworks */ = {isa = PBXBuildFile; fileRef = C3832916171036AA00E59967 /* Opentok.framework */; };
		C3832919171036C000E59967 /* opentok.bundle in Resources */ = {isa = PBXBuildFile; fileRef = C3832918171036C000E59967 /* opentok.bundle */; };
		C38329271710380900E59967 /* CoreTelephony.framework in Frameworks */ = {isa = PBXBuildFile; fileRef = C3832926171037FF00E59967 /* CoreTelephony.framework */; };
		C38329291710384B00E59967 /* AudioToolbox.framework in Frameworks */ = {isa = PBXBuildFile; fileRef = C38329281710384600E59967 /* AudioToolbox.framework */; };
		C383292B1710387D00E59967 /* AVFoundation.framework in Frameworks */ = {isa = PBXBuildFile; fileRef = C383292A1710387D00E59967 /* AVFoundation.framework */; };
		C383292D1710388600E59967 /* CFNetwork.framework in Frameworks */ = {isa = PBXBuildFile; fileRef = C383292C1710388600E59967 /* CFNetwork.framework */; };
		C383292F171038DA00E59967 /* CoreAudio.framework in Frameworks */ = {isa = PBXBuildFile; fileRef = C383292E171038DA00E59967 /* CoreAudio.framework */; };
		C3832931171038E700E59967 /* CoreMedia.framework in Frameworks */ = {isa = PBXBuildFile; fileRef = C3832930171038E600E59967 /* CoreMedia.framework */; };
		C3832933171038ED00E59967 /* CoreVideo.framework in Frameworks */ = {isa = PBXBuildFile; fileRef = C3832932171038ED00E59967 /* CoreVideo.framework */; };
		C38329351710395200E59967 /* libstdc++.dylib in Frameworks */ = {isa = PBXBuildFile; fileRef = C38329341710395200E59967 /* libstdc++.dylib */; };
		C38329371710395900E59967 /* libz.dylib in Frameworks */ = {isa = PBXBuildFile; fileRef = C38329361710395900E59967 /* libz.dylib */; };
		C38329391710399300E59967 /* MobileCoreServices.framework in Frameworks */ = {isa = PBXBuildFile; fileRef = C38329381710399300E59967 /* MobileCoreServices.framework */; };
		C383293B171039A100E59967 /* OpenGLES.framework in Frameworks */ = {isa = PBXBuildFile; fileRef = C383293A171039A100E59967 /* OpenGLES.framework */; };
		C383293D171039A600E59967 /* QuartzCore.framework in Frameworks */ = {isa = PBXBuildFile; fileRef = C383293C171039A600E59967 /* QuartzCore.framework */; };
		C383293F171039AB00E59967 /* Security.framework in Frameworks */ = {isa = PBXBuildFile; fileRef = C383293E171039AB00E59967 /* Security.framework */; };
		C3832941171039B400E59967 /* SystemConfiguration.framework in Frameworks */ = {isa = PBXBuildFile; fileRef = C3832940171039B300E59967 /* SystemConfiguration.framework */; };
		C383C6591745AAD8008E4A87 /* active_lesson.png in Resources */ = {isa = PBXBuildFile; fileRef = C383C6341745AAD8008E4A87 /* active_lesson.png */; };
		C383C65A1745AAD8008E4A87 /* back.png in Resources */ = {isa = PBXBuildFile; fileRef = C383C6351745AAD8008E4A87 /* back.png */; };
		C383C65B1745AAD8008E4A87 /* belov.png in Resources */ = {isa = PBXBuildFile; fileRef = C383C6361745AAD8008E4A87 /* belov.png */; };
		C383C65C1745AAD8008E4A87 /* belov@2x.png in Resources */ = {isa = PBXBuildFile; fileRef = C383C6371745AAD8008E4A87 /* belov@2x.png */; };
		C383C65D1745AAD8008E4A87 /* chat.png in Resources */ = {isa = PBXBuildFile; fileRef = C383C6381745AAD8008E4A87 /* chat.png */; };
		C383C65E1745AAD8008E4A87 /* chat@2x.png in Resources */ = {isa = PBXBuildFile; fileRef = C383C6391745AAD8008E4A87 /* chat@2x.png */; };
		C383C65F1745AAD8008E4A87 /* Default-568h@2x.png in Resources */ = {isa = PBXBuildFile; fileRef = C383C63A1745AAD8008E4A87 /* Default-568h@2x.png */; };
		C383C6601745AAD8008E4A87 /* Default.png in Resources */ = {isa = PBXBuildFile; fileRef = C383C63B1745AAD8008E4A87 /* Default.png */; };
		C383C6611745AAD8008E4A87 /* Default@2x.png in Resources */ = {isa = PBXBuildFile; fileRef = C383C63C1745AAD8008E4A87 /* Default@2x.png */; };
		C383C6621745AAD8008E4A87 /* eye_white.png in Resources */ = {isa = PBXBuildFile; fileRef = C383C63D1745AAD8008E4A87 /* eye_white.png */; };
		C383C6631745AAD8008E4A87 /* eye@2x.png in Resources */ = {isa = PBXBuildFile; fileRef = C383C63E1745AAD8008E4A87 /* eye@2x.png */; };
		C383C6641745AAD8008E4A87 /* leaf.png in Resources */ = {isa = PBXBuildFile; fileRef = C383C63F1745AAD8008E4A87 /* leaf.png */; };
		C383C6651745AAD8008E4A87 /* leaf@2x.png in Resources */ = {isa = PBXBuildFile; fileRef = C383C6401745AAD8008E4A87 /* leaf@2x.png */; };
		C383C6661745AAD8008E4A87 /* login.png in Resources */ = {isa = PBXBuildFile; fileRef = C383C6411745AAD8008E4A87 /* login.png */; };
		C383C6671745AAD8008E4A87 /* loginpass.png in Resources */ = {isa = PBXBuildFile; fileRef = C383C6421745AAD8008E4A87 /* loginpass.png */; };
		C383C6681745AAD8008E4A87 /* microphone.png in Resources */ = {isa = PBXBuildFile; fileRef = C383C6431745AAD8008E4A87 /* microphone.png */; };
		C383C6691745AAD8008E4A87 /* microphone@2x.png in Resources */ = {isa = PBXBuildFile; fileRef = C383C6441745AAD8008E4A87 /* microphone@2x.png */; };
		C383C66A1745AAD8008E4A87 /* navbar.png in Resources */ = {isa = PBXBuildFile; fileRef = C383C6451745AAD8008E4A87 /* navbar.png */; };
		C383C66B1745AAD8008E4A87 /* pause.png in Resources */ = {isa = PBXBuildFile; fileRef = C383C6461745AAD8008E4A87 /* pause.png */; };
		C383C66C1745AAD8008E4A87 /* pause@2x.png in Resources */ = {isa = PBXBuildFile; fileRef = C383C6471745AAD8008E4A87 /* pause@2x.png */; };
		C383C66D1745AAD8008E4A87 /* posts_white.png in Resources */ = {isa = PBXBuildFile; fileRef = C383C6481745AAD8008E4A87 /* posts_white.png */; };
		C383C66E1745AAD8008E4A87 /* posts_white@2x.png in Resources */ = {isa = PBXBuildFile; fileRef = C383C6491745AAD8008E4A87 /* posts_white@2x.png */; };
		C383C66F1745AAD8008E4A87 /* progress.png in Resources */ = {isa = PBXBuildFile; fileRef = C383C64A1745AAD8008E4A87 /* progress.png */; };
		C383C6701745AAD8008E4A87 /* reg_on.png in Resources */ = {isa = PBXBuildFile; fileRef = C383C64B1745AAD8008E4A87 /* reg_on.png */; };
		C383C6711745AAD8008E4A87 /* reg.png in Resources */ = {isa = PBXBuildFile; fileRef = C383C64C1745AAD8008E4A87 /* reg.png */; };
		C383C6721745AAD8008E4A87 /* regform.png in Resources */ = {isa = PBXBuildFile; fileRef = C383C64D1745AAD8008E4A87 /* regform.png */; };
		C383C6731745AAD8008E4A87 /* settings_white.png in Resources */ = {isa = PBXBuildFile; fileRef = C383C64E1745AAD8008E4A87 /* settings_white.png */; };
		C383C6741745AAD8008E4A87 /* settings_white@2x.png in Resources */ = {isa = PBXBuildFile; fileRef = C383C64F1745AAD8008E4A87 /* settings_white@2x.png */; };
		C383C6751745AAD8008E4A87 /* students.png in Resources */ = {isa = PBXBuildFile; fileRef = C383C6501745AAD8008E4A87 /* students.png */; };
		C383C6761745AAD8008E4A87 /* tabbar_selected.png in Resources */ = {isa = PBXBuildFile; fileRef = C383C6511745AAD8008E4A87 /* tabbar_selected.png */; };
		C383C6771745AAD8008E4A87 /* tabbar.png in Resources */ = {isa = PBXBuildFile; fileRef = C383C6521745AAD8008E4A87 /* tabbar.png */; };
		C383C6781745AAD8008E4A87 /* teachers.png in Resources */ = {isa = PBXBuildFile; fileRef = C383C6531745AAD8008E4A87 /* teachers.png */; };
		C383C6791745AAD8008E4A87 /* track.png in Resources */ = {isa = PBXBuildFile; fileRef = C383C6541745AAD8008E4A87 /* track.png */; };
		C383C67A1745AAD8008E4A87 /* user_white.png in Resources */ = {isa = PBXBuildFile; fileRef = C383C6551745AAD8008E4A87 /* user_white.png */; };
		C383C67B1745AAD8008E4A87 /* user_white@2x.png in Resources */ = {isa = PBXBuildFile; fileRef = C383C6561745AAD8008E4A87 /* user_white@2x.png */; };
		C383C67C1745AAD8008E4A87 /* warning.png in Resources */ = {isa = PBXBuildFile; fileRef = C383C6571745AAD8008E4A87 /* warning.png */; };
		C383C67D1745AAD8008E4A87 /* warning@2x.png in Resources */ = {isa = PBXBuildFile; fileRef = C383C6581745AAD8008E4A87 /* warning@2x.png */; };
		C383C6861745AAE6008E4A87 /* AuthViewController.m in Sources */ = {isa = PBXBuildFile; fileRef = C383C67F1745AAE6008E4A87 /* AuthViewController.m */; };
		C383C6871745AAE6008E4A87 /* CroppingViewController.m in Sources */ = {isa = PBXBuildFile; fileRef = C383C6811745AAE6008E4A87 /* CroppingViewController.m */; };
		C383C6881745AAE6008E4A87 /* RegistrationViewController.m in Sources */ = {isa = PBXBuildFile; fileRef = C383C6831745AAE6008E4A87 /* RegistrationViewController.m */; };
		C383C6891745AAE6008E4A87 /* TextField.m in Sources */ = {isa = PBXBuildFile; fileRef = C383C6851745AAE6008E4A87 /* TextField.m */; };
		C383C68C1745AB87008E4A87 /* TabBarViewController.m in Sources */ = {isa = PBXBuildFile; fileRef = C383C68B1745AB87008E4A87 /* TabBarViewController.m */; };
		C383C6A71745AC49008E4A87 /* CLesson.m in Sources */ = {isa = PBXBuildFile; fileRef = C383C69F1745AC49008E4A87 /* CLesson.m */; };
		C383C6A81745AC49008E4A87 /* LessonsTestViewController.m in Sources */ = {isa = PBXBuildFile; fileRef = C383C6A11745AC49008E4A87 /* LessonsTestViewController.m */; };
		C383C6A91745AC49008E4A87 /* LessonsViewController.m in Sources */ = {isa = PBXBuildFile; fileRef = C383C6A31745AC49008E4A87 /* LessonsViewController.m */; };
		C383C6AA1745AC49008E4A87 /* UIProfileTableViewCell.m in Sources */ = {isa = PBXBuildFile; fileRef = C383C6A51745AC49008E4A87 /* UIProfileTableViewCell.m */; };
		C383C6AB1745AC49008E4A87 /* UIProfileTableViewCell.xib in Resources */ = {isa = PBXBuildFile; fileRef = C383C6A61745AC49008E4A87 /* UIProfileTableViewCell.xib */; };
		C383C6AE1745AC81008E4A87 /* ProfileViewController.m in Sources */ = {isa = PBXBuildFile; fileRef = C383C6AD1745AC81008E4A87 /* ProfileViewController.m */; };
		C383C6B71745ACBF008E4A87 /* UIButtonVideoView.m in Sources */ = {isa = PBXBuildFile; fileRef = C383C6B01745ACBF008E4A87 /* UIButtonVideoView.m */; };
		C383C6B81745ACBF008E4A87 /* UIProgressLessonView.m in Sources */ = {isa = PBXBuildFile; fileRef = C383C6B21745ACBF008E4A87 /* UIProgressLessonView.m */; };
		C383C6B91745ACBF008E4A87 /* UIToolbarVideoView.m in Sources */ = {isa = PBXBuildFile; fileRef = C383C6B41745ACBF008E4A87 /* UIToolbarVideoView.m */; };
		C383C6BA1745ACBF008E4A87 /* VideoLessonController.m in Sources */ = {isa = PBXBuildFile; fileRef = C383C6B61745ACBF008E4A87 /* VideoLessonController.m */; };
		C383C6BD1745ACF5008E4A87 /* SettingsViewController.m in Sources */ = {isa = PBXBuildFile; fileRef = C383C6BC1745ACF5008E4A87 /* SettingsViewController.m */; };
		C383C6C01745AD06008E4A87 /* TreeViewController.m in Sources */ = {isa = PBXBuildFile; fileRef = C383C6BF1745AD06008E4A87 /* TreeViewController.m */; };
		C38F5F7F170E986E0010B36C /* UIKit.framework in Frameworks */ = {isa = PBXBuildFile; fileRef = C38F5F7E170E986E0010B36C /* UIKit.framework */; };
		C38F5F81170E986E0010B36C /* Foundation.framework in Frameworks */ = {isa = PBXBuildFile; fileRef = C38F5F80170E986E0010B36C /* Foundation.framework */; };
		C38F5F83170E986E0010B36C /* CoreGraphics.framework in Frameworks */ = {isa = PBXBuildFile; fileRef = C38F5F82170E986E0010B36C /* CoreGraphics.framework */; };
		C38F5F89170E986E0010B36C /* InfoPlist.strings in Resources */ = {isa = PBXBuildFile; fileRef = C38F5F87170E986E0010B36C /* InfoPlist.strings */; };
		C38F5F8B170E986E0010B36C /* main.m in Sources */ = {isa = PBXBuildFile; fileRef = C38F5F8A170E986E0010B36C /* main.m */; };
		C38F5F8F170E986E0010B36C /* AppDelegate.m in Sources */ = {isa = PBXBuildFile; fileRef = C38F5F8E170E986E0010B36C /* AppDelegate.m */; };
		C38F5F91170E986E0010B36C /* Default.png in Resources */ = {isa = PBXBuildFile; fileRef = C38F5F90170E986E0010B36C /* Default.png */; };
		C38F5F93170E986E0010B36C /* Default@2x.png in Resources */ = {isa = PBXBuildFile; fileRef = C38F5F92170E986E0010B36C /* Default@2x.png */; };
		C38F5F95170E986E0010B36C /* Default-568h@2x.png in Resources */ = {isa = PBXBuildFile; fileRef = C38F5F94170E986E0010B36C /* Default-568h@2x.png */; };
		C38F5F98170E986E0010B36C /* MainStoryboard_iPhone.storyboard in Resources */ = {isa = PBXBuildFile; fileRef = C38F5F96170E986E0010B36C /* MainStoryboard_iPhone.storyboard */; };
		C38F5F9B170E986E0010B36C /* MainStoryboard_iPad.storyboard in Resources */ = {isa = PBXBuildFile; fileRef = C38F5F99170E986E0010B36C /* MainStoryboard_iPad.storyboard */; };
		C38F5F9E170E986E0010B36C /* ViewController.m in Sources */ = {isa = PBXBuildFile; fileRef = C38F5F9D170E986E0010B36C /* ViewController.m */; };
		C39006D41712FA8100783018 /* PTSans.ttc in Resources */ = {isa = PBXBuildFile; fileRef = C39006D31712FA8100783018 /* PTSans.ttc */; };
		C39006D51712FC0100783018 /* Lightoak-Info.plist in Resources */ = {isa = PBXBuildFile; fileRef = C38F5F86170E986E0010B36C /* Lightoak-Info.plist */; };
		C39006D71712FCB700783018 /* PTC55F.ttf in Resources */ = {isa = PBXBuildFile; fileRef = C39006D61712FCB700783018 /* PTC55F.ttf */; };
		C39006D91712FD0400783018 /* PTC75F.ttf in Resources */ = {isa = PBXBuildFile; fileRef = C39006D81712FD0400783018 /* PTC75F.ttf */; };
		C39006E8171323D000783018 /* NavigationViewController.m in Sources */ = {isa = PBXBuildFile; fileRef = C39006E7171323D000783018 /* NavigationViewController.m */; };
		C39006EB171327B700783018 /* NavigationBar.m in Sources */ = {isa = PBXBuildFile; fileRef = C39006EA171327B700783018 /* NavigationBar.m */; };
/* End PBXBuildFile section */

/* Begin PBXFileReference section */
		C3829366170F106C003FA569 /* ChatViewController.h */ = {isa = PBXFileReference; fileEncoding = 4; lastKnownFileType = sourcecode.c.h; path = ChatViewController.h; sourceTree = "<group>"; };
		C3829367170F106C003FA569 /* ChatViewController.m */ = {isa = PBXFileReference; fileEncoding = 4; lastKnownFileType = sourcecode.c.objc; path = ChatViewController.m; sourceTree = "<group>"; };
		C3832916171036AA00E59967 /* Opentok.framework */ = {isa = PBXFileReference; lastKnownFileType = wrapper.framework; path = Opentok.framework; sourceTree = "<group>"; };
		C3832918171036C000E59967 /* opentok.bundle */ = {isa = PBXFileReference; lastKnownFileType = "wrapper.plug-in"; path = opentok.bundle; sourceTree = "<group>"; };
		C3832926171037FF00E59967 /* CoreTelephony.framework */ = {isa = PBXFileReference; lastKnownFileType = wrapper.framework; name = CoreTelephony.framework; path = System/Library/Frameworks/CoreTelephony.framework; sourceTree = SDKROOT; };
		C38329281710384600E59967 /* AudioToolbox.framework */ = {isa = PBXFileReference; lastKnownFileType = wrapper.framework; name = AudioToolbox.framework; path = System/Library/Frameworks/AudioToolbox.framework; sourceTree = SDKROOT; };
		C383292A1710387D00E59967 /* AVFoundation.framework */ = {isa = PBXFileReference; lastKnownFileType = wrapper.framework; name = AVFoundation.framework; path = System/Library/Frameworks/AVFoundation.framework; sourceTree = SDKROOT; };
		C383292C1710388600E59967 /* CFNetwork.framework */ = {isa = PBXFileReference; lastKnownFileType = wrapper.framework; name = CFNetwork.framework; path = System/Library/Frameworks/CFNetwork.framework; sourceTree = SDKROOT; };
		C383292E171038DA00E59967 /* CoreAudio.framework */ = {isa = PBXFileReference; lastKnownFileType = wrapper.framework; name = CoreAudio.framework; path = System/Library/Frameworks/CoreAudio.framework; sourceTree = SDKROOT; };
		C3832930171038E600E59967 /* CoreMedia.framework */ = {isa = PBXFileReference; lastKnownFileType = wrapper.framework; name = CoreMedia.framework; path = System/Library/Frameworks/CoreMedia.framework; sourceTree = SDKROOT; };
		C3832932171038ED00E59967 /* CoreVideo.framework */ = {isa = PBXFileReference; lastKnownFileType = wrapper.framework; name = CoreVideo.framework; path = System/Library/Frameworks/CoreVideo.framework; sourceTree = SDKROOT; };
		C38329341710395200E59967 /* libstdc++.dylib */ = {isa = PBXFileReference; lastKnownFileType = "compiled.mach-o.dylib"; name = "libstdc++.dylib"; path = "usr/lib/libstdc++.dylib"; sourceTree = SDKROOT; };
		C38329361710395900E59967 /* libz.dylib */ = {isa = PBXFileReference; lastKnownFileType = "compiled.mach-o.dylib"; name = libz.dylib; path = usr/lib/libz.dylib; sourceTree = SDKROOT; };
		C38329381710399300E59967 /* MobileCoreServices.framework */ = {isa = PBXFileReference; lastKnownFileType = wrapper.framework; name = MobileCoreServices.framework; path = System/Library/Frameworks/MobileCoreServices.framework; sourceTree = SDKROOT; };
		C383293A171039A100E59967 /* OpenGLES.framework */ = {isa = PBXFileReference; lastKnownFileType = wrapper.framework; name = OpenGLES.framework; path = System/Library/Frameworks/OpenGLES.framework; sourceTree = SDKROOT; };
		C383293C171039A600E59967 /* QuartzCore.framework */ = {isa = PBXFileReference; lastKnownFileType = wrapper.framework; name = QuartzCore.framework; path = System/Library/Frameworks/QuartzCore.framework; sourceTree = SDKROOT; };
		C383293E171039AB00E59967 /* Security.framework */ = {isa = PBXFileReference; lastKnownFileType = wrapper.framework; name = Security.framework; path = System/Library/Frameworks/Security.framework; sourceTree = SDKROOT; };
		C3832940171039B300E59967 /* SystemConfiguration.framework */ = {isa = PBXFileReference; lastKnownFileType = wrapper.framework; name = SystemConfiguration.framework; path = System/Library/Frameworks/SystemConfiguration.framework; sourceTree = SDKROOT; };
		C383C6341745AAD8008E4A87 /* active_lesson.png */ = {isa = PBXFileReference; lastKnownFileType = image.png; name = active_lesson.png; path = Icons/active_lesson.png; sourceTree = "<group>"; };
		C383C6351745AAD8008E4A87 /* back.png */ = {isa = PBXFileReference; lastKnownFileType = image.png; name = back.png; path = Icons/back.png; sourceTree = "<group>"; };
		C383C6361745AAD8008E4A87 /* belov.png */ = {isa = PBXFileReference; lastKnownFileType = image.png; name = belov.png; path = Icons/belov.png; sourceTree = "<group>"; };
		C383C6371745AAD8008E4A87 /* belov@2x.png */ = {isa = PBXFileReference; lastKnownFileType = image.png; name = "belov@2x.png"; path = "Icons/belov@2x.png"; sourceTree = "<group>"; };
		C383C6381745AAD8008E4A87 /* chat.png */ = {isa = PBXFileReference; lastKnownFileType = image.png; name = chat.png; path = Icons/chat.png; sourceTree = "<group>"; };
		C383C6391745AAD8008E4A87 /* chat@2x.png */ = {isa = PBXFileReference; lastKnownFileType = image.png; name = "chat@2x.png"; path = "Icons/chat@2x.png"; sourceTree = "<group>"; };
		C383C63A1745AAD8008E4A87 /* Default-568h@2x.png */ = {isa = PBXFileReference; lastKnownFileType = image.png; name = "Default-568h@2x.png"; path = "Icons/Default-568h@2x.png"; sourceTree = "<group>"; };
		C383C63B1745AAD8008E4A87 /* Default.png */ = {isa = PBXFileReference; lastKnownFileType = image.png; name = Default.png; path = Icons/Default.png; sourceTree = "<group>"; };
		C383C63C1745AAD8008E4A87 /* Default@2x.png */ = {isa = PBXFileReference; lastKnownFileType = image.png; name = "Default@2x.png"; path = "Icons/Default@2x.png"; sourceTree = "<group>"; };
		C383C63D1745AAD8008E4A87 /* eye_white.png */ = {isa = PBXFileReference; lastKnownFileType = image.png; name = eye_white.png; path = Icons/eye_white.png; sourceTree = "<group>"; };
		C383C63E1745AAD8008E4A87 /* eye@2x.png */ = {isa = PBXFileReference; lastKnownFileType = image.png; name = "eye@2x.png"; path = "Icons/eye@2x.png"; sourceTree = "<group>"; };
		C383C63F1745AAD8008E4A87 /* leaf.png */ = {isa = PBXFileReference; lastKnownFileType = image.png; name = leaf.png; path = Icons/leaf.png; sourceTree = "<group>"; };
		C383C6401745AAD8008E4A87 /* leaf@2x.png */ = {isa = PBXFileReference; lastKnownFileType = image.png; name = "leaf@2x.png"; path = "Icons/leaf@2x.png"; sourceTree = "<group>"; };
		C383C6411745AAD8008E4A87 /* login.png */ = {isa = PBXFileReference; lastKnownFileType = image.png; name = login.png; path = Icons/login.png; sourceTree = "<group>"; };
		C383C6421745AAD8008E4A87 /* loginpass.png */ = {isa = PBXFileReference; lastKnownFileType = image.png; name = loginpass.png; path = Icons/loginpass.png; sourceTree = "<group>"; };
		C383C6431745AAD8008E4A87 /* microphone.png */ = {isa = PBXFileReference; lastKnownFileType = image.png; name = microphone.png; path = Icons/microphone.png; sourceTree = "<group>"; };
		C383C6441745AAD8008E4A87 /* microphone@2x.png */ = {isa = PBXFileReference; lastKnownFileType = image.png; name = "microphone@2x.png"; path = "Icons/microphone@2x.png"; sourceTree = "<group>"; };
		C383C6451745AAD8008E4A87 /* navbar.png */ = {isa = PBXFileReference; lastKnownFileType = image.png; name = navbar.png; path = Icons/navbar.png; sourceTree = "<group>"; };
		C383C6461745AAD8008E4A87 /* pause.png */ = {isa = PBXFileReference; lastKnownFileType = image.png; name = pause.png; path = Icons/pause.png; sourceTree = "<group>"; };
		C383C6471745AAD8008E4A87 /* pause@2x.png */ = {isa = PBXFileReference; lastKnownFileType = image.png; name = "pause@2x.png"; path = "Icons/pause@2x.png"; sourceTree = "<group>"; };
		C383C6481745AAD8008E4A87 /* posts_white.png */ = {isa = PBXFileReference; lastKnownFileType = image.png; name = posts_white.png; path = Icons/posts_white.png; sourceTree = "<group>"; };
		C383C6491745AAD8008E4A87 /* posts_white@2x.png */ = {isa = PBXFileReference; lastKnownFileType = image.png; name = "posts_white@2x.png"; path = "Icons/posts_white@2x.png"; sourceTree = "<group>"; };
		C383C64A1745AAD8008E4A87 /* progress.png */ = {isa = PBXFileReference; lastKnownFileType = image.png; name = progress.png; path = Icons/progress.png; sourceTree = "<group>"; };
		C383C64B1745AAD8008E4A87 /* reg_on.png */ = {isa = PBXFileReference; lastKnownFileType = image.png; name = reg_on.png; path = Icons/reg_on.png; sourceTree = "<group>"; };
		C383C64C1745AAD8008E4A87 /* reg.png */ = {isa = PBXFileReference; lastKnownFileType = image.png; name = reg.png; path = Icons/reg.png; sourceTree = "<group>"; };
		C383C64D1745AAD8008E4A87 /* regform.png */ = {isa = PBXFileReference; lastKnownFileType = image.png; name = regform.png; path = Icons/regform.png; sourceTree = "<group>"; };
		C383C64E1745AAD8008E4A87 /* settings_white.png */ = {isa = PBXFileReference; lastKnownFileType = image.png; name = settings_white.png; path = Icons/settings_white.png; sourceTree = "<group>"; };
		C383C64F1745AAD8008E4A87 /* settings_white@2x.png */ = {isa = PBXFileReference; lastKnownFileType = image.png; name = "settings_white@2x.png"; path = "Icons/settings_white@2x.png"; sourceTree = "<group>"; };
		C383C6501745AAD8008E4A87 /* students.png */ = {isa = PBXFileReference; lastKnownFileType = image.png; name = students.png; path = Icons/students.png; sourceTree = "<group>"; };
		C383C6511745AAD8008E4A87 /* tabbar_selected.png */ = {isa = PBXFileReference; lastKnownFileType = image.png; name = tabbar_selected.png; path = Icons/tabbar_selected.png; sourceTree = "<group>"; };
		C383C6521745AAD8008E4A87 /* tabbar.png */ = {isa = PBXFileReference; lastKnownFileType = image.png; name = tabbar.png; path = Icons/tabbar.png; sourceTree = "<group>"; };
		C383C6531745AAD8008E4A87 /* teachers.png */ = {isa = PBXFileReference; lastKnownFileType = image.png; name = teachers.png; path = Icons/teachers.png; sourceTree = "<group>"; };
		C383C6541745AAD8008E4A87 /* track.png */ = {isa = PBXFileReference; lastKnownFileType = image.png; name = track.png; path = Icons/track.png; sourceTree = "<group>"; };
		C383C6551745AAD8008E4A87 /* user_white.png */ = {isa = PBXFileReference; lastKnownFileType = image.png; name = user_white.png; path = Icons/user_white.png; sourceTree = "<group>"; };
		C383C6561745AAD8008E4A87 /* user_white@2x.png */ = {isa = PBXFileReference; lastKnownFileType = image.png; name = "user_white@2x.png"; path = "Icons/user_white@2x.png"; sourceTree = "<group>"; };
		C383C6571745AAD8008E4A87 /* warning.png */ = {isa = PBXFileReference; lastKnownFileType = image.png; name = warning.png; path = Icons/warning.png; sourceTree = "<group>"; };
		C383C6581745AAD8008E4A87 /* warning@2x.png */ = {isa = PBXFileReference; lastKnownFileType = image.png; name = "warning@2x.png"; path = "Icons/warning@2x.png"; sourceTree = "<group>"; };
		C383C67E1745AAE6008E4A87 /* AuthViewController.h */ = {isa = PBXFileReference; fileEncoding = 4; lastKnownFileType = sourcecode.c.h; name = AuthViewController.h; path = "First scenario/AuthViewController.h"; sourceTree = "<group>"; };
		C383C67F1745AAE6008E4A87 /* AuthViewController.m */ = {isa = PBXFileReference; fileEncoding = 4; lastKnownFileType = sourcecode.c.objc; name = AuthViewController.m; path = "First scenario/AuthViewController.m"; sourceTree = "<group>"; };
		C383C6801745AAE6008E4A87 /* CroppingViewController.h */ = {isa = PBXFileReference; fileEncoding = 4; lastKnownFileType = sourcecode.c.h; name = CroppingViewController.h; path = "First scenario/CroppingViewController.h"; sourceTree = "<group>"; };
		C383C6811745AAE6008E4A87 /* CroppingViewController.m */ = {isa = PBXFileReference; fileEncoding = 4; lastKnownFileType = sourcecode.c.objc; name = CroppingViewController.m; path = "First scenario/CroppingViewController.m"; sourceTree = "<group>"; };
		C383C6821745AAE6008E4A87 /* RegistrationViewController.h */ = {isa = PBXFileReference; fileEncoding = 4; lastKnownFileType = sourcecode.c.h; name = RegistrationViewController.h; path = "First scenario/RegistrationViewController.h"; sourceTree = "<group>"; };
		C383C6831745AAE6008E4A87 /* RegistrationViewController.m */ = {isa = PBXFileReference; fileEncoding = 4; lastKnownFileType = sourcecode.c.objc; name = RegistrationViewController.m; path = "First scenario/RegistrationViewController.m"; sourceTree = "<group>"; };
		C383C6841745AAE6008E4A87 /* TextField.h */ = {isa = PBXFileReference; fileEncoding = 4; lastKnownFileType = sourcecode.c.h; name = TextField.h; path = "First scenario/TextField.h"; sourceTree = "<group>"; };
		C383C6851745AAE6008E4A87 /* TextField.m */ = {isa = PBXFileReference; fileEncoding = 4; lastKnownFileType = sourcecode.c.objc; name = TextField.m; path = "First scenario/TextField.m"; sourceTree = "<group>"; };
		C383C68A1745AB87008E4A87 /* TabBarViewController.h */ = {isa = PBXFileReference; fileEncoding = 4; lastKnownFileType = sourcecode.c.h; path = TabBarViewController.h; sourceTree = "<group>"; };
		C383C68B1745AB87008E4A87 /* TabBarViewController.m */ = {isa = PBXFileReference; fileEncoding = 4; lastKnownFileType = sourcecode.c.objc; path = TabBarViewController.m; sourceTree = "<group>"; };
		C383C69E1745AC49008E4A87 /* CLesson.h */ = {isa = PBXFileReference; fileEncoding = 4; lastKnownFileType = sourcecode.c.h; name = CLesson.h; path = Home/Lessons/CLesson.h; sourceTree = "<group>"; };
		C383C69F1745AC49008E4A87 /* CLesson.m */ = {isa = PBXFileReference; fileEncoding = 4; lastKnownFileType = sourcecode.c.objc; name = CLesson.m; path = Home/Lessons/CLesson.m; sourceTree = "<group>"; };
		C383C6A01745AC49008E4A87 /* LessonsTestViewController.h */ = {isa = PBXFileReference; fileEncoding = 4; lastKnownFileType = sourcecode.c.h; name = LessonsTestViewController.h; path = Home/Lessons/LessonsTestViewController.h; sourceTree = "<group>"; };
		C383C6A11745AC49008E4A87 /* LessonsTestViewController.m */ = {isa = PBXFileReference; fileEncoding = 4; lastKnownFileType = sourcecode.c.objc; name = LessonsTestViewController.m; path = Home/Lessons/LessonsTestViewController.m; sourceTree = "<group>"; };
		C383C6A21745AC49008E4A87 /* LessonsViewController.h */ = {isa = PBXFileReference; fileEncoding = 4; lastKnownFileType = sourcecode.c.h; name = LessonsViewController.h; path = Home/Lessons/LessonsViewController.h; sourceTree = "<group>"; };
		C383C6A31745AC49008E4A87 /* LessonsViewController.m */ = {isa = PBXFileReference; fileEncoding = 4; lastKnownFileType = sourcecode.c.objc; name = LessonsViewController.m; path = Home/Lessons/LessonsViewController.m; sourceTree = "<group>"; };
		C383C6A41745AC49008E4A87 /* UIProfileTableViewCell.h */ = {isa = PBXFileReference; fileEncoding = 4; lastKnownFileType = sourcecode.c.h; name = UIProfileTableViewCell.h; path = Home/Lessons/UIProfileTableViewCell.h; sourceTree = "<group>"; };
		C383C6A51745AC49008E4A87 /* UIProfileTableViewCell.m */ = {isa = PBXFileReference; fileEncoding = 4; lastKnownFileType = sourcecode.c.objc; name = UIProfileTableViewCell.m; path = Home/Lessons/UIProfileTableViewCell.m; sourceTree = "<group>"; };
		C383C6A61745AC49008E4A87 /* UIProfileTableViewCell.xib */ = {isa = PBXFileReference; fileEncoding = 4; lastKnownFileType = file.xib; name = UIProfileTableViewCell.xib; path = Home/Lessons/UIProfileTableViewCell.xib; sourceTree = "<group>"; };
		C383C6AC1745AC81008E4A87 /* ProfileViewController.h */ = {isa = PBXFileReference; fileEncoding = 4; lastKnownFileType = sourcecode.c.h; name = ProfileViewController.h; path = Home/Profile/ProfileViewController.h; sourceTree = "<group>"; };
		C383C6AD1745AC81008E4A87 /* ProfileViewController.m */ = {isa = PBXFileReference; fileEncoding = 4; lastKnownFileType = sourcecode.c.objc; name = ProfileViewController.m; path = Home/Profile/ProfileViewController.m; sourceTree = "<group>"; };
		C383C6AF1745ACBF008E4A87 /* UIButtonVideoView.h */ = {isa = PBXFileReference; fileEncoding = 4; lastKnownFileType = sourcecode.c.h; name = UIButtonVideoView.h; path = "Home/Profile/Video scenario/UIButtonVideoView.h"; sourceTree = "<group>"; };
		C383C6B01745ACBF008E4A87 /* UIButtonVideoView.m */ = {isa = PBXFileReference; fileEncoding = 4; lastKnownFileType = sourcecode.c.objc; name = UIButtonVideoView.m; path = "Home/Profile/Video scenario/UIButtonVideoView.m"; sourceTree = "<group>"; };
		C383C6B11745ACBF008E4A87 /* UIProgressLessonView.h */ = {isa = PBXFileReference; fileEncoding = 4; lastKnownFileType = sourcecode.c.h; name = UIProgressLessonView.h; path = "Home/Profile/Video scenario/UIProgressLessonView.h"; sourceTree = "<group>"; };
		C383C6B21745ACBF008E4A87 /* UIProgressLessonView.m */ = {isa = PBXFileReference; fileEncoding = 4; lastKnownFileType = sourcecode.c.objc; name = UIProgressLessonView.m; path = "Home/Profile/Video scenario/UIProgressLessonView.m"; sourceTree = "<group>"; };
		C383C6B31745ACBF008E4A87 /* UIToolbarVideoView.h */ = {isa = PBXFileReference; fileEncoding = 4; lastKnownFileType = sourcecode.c.h; name = UIToolbarVideoView.h; path = "Home/Profile/Video scenario/UIToolbarVideoView.h"; sourceTree = "<group>"; };
		C383C6B41745ACBF008E4A87 /* UIToolbarVideoView.m */ = {isa = PBXFileReference; fileEncoding = 4; lastKnownFileType = sourcecode.c.objc; name = UIToolbarVideoView.m; path = "Home/Profile/Video scenario/UIToolbarVideoView.m"; sourceTree = "<group>"; };
		C383C6B51745ACBF008E4A87 /* VideoLessonController.h */ = {isa = PBXFileReference; fileEncoding = 4; lastKnownFileType = sourcecode.c.h; name = VideoLessonController.h; path = "Home/Profile/Video scenario/VideoLessonController.h"; sourceTree = "<group>"; };
		C383C6B61745ACBF008E4A87 /* VideoLessonController.m */ = {isa = PBXFileReference; fileEncoding = 4; lastKnownFileType = sourcecode.c.objc; name = VideoLessonController.m; path = "Home/Profile/Video scenario/VideoLessonController.m"; sourceTree = "<group>"; };
		C383C6BB1745ACF5008E4A87 /* SettingsViewController.h */ = {isa = PBXFileReference; fileEncoding = 4; lastKnownFileType = sourcecode.c.h; name = SettingsViewController.h; path = Home/Settings/SettingsViewController.h; sourceTree = "<group>"; };
		C383C6BC1745ACF5008E4A87 /* SettingsViewController.m */ = {isa = PBXFileReference; fileEncoding = 4; lastKnownFileType = sourcecode.c.objc; name = SettingsViewController.m; path = Home/Settings/SettingsViewController.m; sourceTree = "<group>"; };
		C383C6BE1745AD06008E4A87 /* TreeViewController.h */ = {isa = PBXFileReference; fileEncoding = 4; lastKnownFileType = sourcecode.c.h; name = TreeViewController.h; path = Tree/TreeViewController.h; sourceTree = "<group>"; };
		C383C6BF1745AD06008E4A87 /* TreeViewController.m */ = {isa = PBXFileReference; fileEncoding = 4; lastKnownFileType = sourcecode.c.objc; name = TreeViewController.m; path = Tree/TreeViewController.m; sourceTree = "<group>"; };
		C38F5F7B170E986E0010B36C /* Lightoak.app */ = {isa = PBXFileReference; explicitFileType = wrapper.application; includeInIndex = 0; path = Lightoak.app; sourceTree = BUILT_PRODUCTS_DIR; };
		C38F5F7E170E986E0010B36C /* UIKit.framework */ = {isa = PBXFileReference; lastKnownFileType = wrapper.framework; name = UIKit.framework; path = System/Library/Frameworks/UIKit.framework; sourceTree = SDKROOT; };
		C38F5F80170E986E0010B36C /* Foundation.framework */ = {isa = PBXFileReference; lastKnownFileType = wrapper.framework; name = Foundation.framework; path = System/Library/Frameworks/Foundation.framework; sourceTree = SDKROOT; };
		C38F5F82170E986E0010B36C /* CoreGraphics.framework */ = {isa = PBXFileReference; lastKnownFileType = wrapper.framework; name = CoreGraphics.framework; path = System/Library/Frameworks/CoreGraphics.framework; sourceTree = SDKROOT; };
		C38F5F86170E986E0010B36C /* Lightoak-Info.plist */ = {isa = PBXFileReference; lastKnownFileType = text.plist.xml; path = "Lightoak-Info.plist"; sourceTree = "<group>"; };
		C38F5F88170E986E0010B36C /* en */ = {isa = PBXFileReference; lastKnownFileType = text.plist.strings; name = en; path = en.lproj/InfoPlist.strings; sourceTree = "<group>"; };
		C38F5F8A170E986E0010B36C /* main.m */ = {isa = PBXFileReference; lastKnownFileType = sourcecode.c.objc; path = main.m; sourceTree = "<group>"; };
		C38F5F8C170E986E0010B36C /* Lightoak-Prefix.pch */ = {isa = PBXFileReference; lastKnownFileType = sourcecode.c.h; path = "Lightoak-Prefix.pch"; sourceTree = "<group>"; };
		C38F5F8D170E986E0010B36C /* AppDelegate.h */ = {isa = PBXFileReference; lastKnownFileType = sourcecode.c.h; path = AppDelegate.h; sourceTree = "<group>"; };
		C38F5F8E170E986E0010B36C /* AppDelegate.m */ = {isa = PBXFileReference; lastKnownFileType = sourcecode.c.objc; path = AppDelegate.m; sourceTree = "<group>"; };
		C38F5F90170E986E0010B36C /* Default.png */ = {isa = PBXFileReference; lastKnownFileType = image.png; path = Default.png; sourceTree = "<group>"; };
		C38F5F92170E986E0010B36C /* Default@2x.png */ = {isa = PBXFileReference; lastKnownFileType = image.png; path = "Default@2x.png"; sourceTree = "<group>"; };
		C38F5F94170E986E0010B36C /* Default-568h@2x.png */ = {isa = PBXFileReference; lastKnownFileType = image.png; path = "Default-568h@2x.png"; sourceTree = "<group>"; };
		C38F5F97170E986E0010B36C /* en */ = {isa = PBXFileReference; lastKnownFileType = file.storyboard; name = en; path = en.lproj/MainStoryboard_iPhone.storyboard; sourceTree = "<group>"; };
		C38F5F9A170E986E0010B36C /* en */ = {isa = PBXFileReference; lastKnownFileType = file.storyboard; name = en; path = en.lproj/MainStoryboard_iPad.storyboard; sourceTree = "<group>"; };
		C38F5F9C170E986E0010B36C /* ViewController.h */ = {isa = PBXFileReference; lastKnownFileType = sourcecode.c.h; path = ViewController.h; sourceTree = "<group>"; };
		C38F5F9D170E986E0010B36C /* ViewController.m */ = {isa = PBXFileReference; lastKnownFileType = sourcecode.c.objc; path = ViewController.m; sourceTree = "<group>"; };
		C39006D31712FA8100783018 /* PTSans.ttc */ = {isa = PBXFileReference; lastKnownFileType = file; path = PTSans.ttc; sourceTree = "<group>"; };
		C39006D61712FCB700783018 /* PTC55F.ttf */ = {isa = PBXFileReference; lastKnownFileType = file; path = PTC55F.ttf; sourceTree = "<group>"; };
		C39006D81712FD0400783018 /* PTC75F.ttf */ = {isa = PBXFileReference; lastKnownFileType = file; path = PTC75F.ttf; sourceTree = "<group>"; };
		C39006E6171323D000783018 /* NavigationViewController.h */ = {isa = PBXFileReference; fileEncoding = 4; lastKnownFileType = sourcecode.c.h; path = NavigationViewController.h; sourceTree = "<group>"; };
		C39006E7171323D000783018 /* NavigationViewController.m */ = {isa = PBXFileReference; fileEncoding = 4; lastKnownFileType = sourcecode.c.objc; path = NavigationViewController.m; sourceTree = "<group>"; };
		C39006E9171327B600783018 /* NavigationBar.h */ = {isa = PBXFileReference; fileEncoding = 4; lastKnownFileType = sourcecode.c.h; path = NavigationBar.h; sourceTree = "<group>"; };
		C39006EA171327B700783018 /* NavigationBar.m */ = {isa = PBXFileReference; fileEncoding = 4; lastKnownFileType = sourcecode.c.objc; path = NavigationBar.m; sourceTree = "<group>"; };
/* End PBXFileReference section */

/* Begin PBXFrameworksBuildPhase section */
		C38F5F78170E986D0010B36C /* Frameworks */ = {
			isa = PBXFrameworksBuildPhase;
			buildActionMask = 2147483647;
			files = (
				C38F5F7F170E986E0010B36C /* UIKit.framework in Frameworks */,
				C3832941171039B400E59967 /* SystemConfiguration.framework in Frameworks */,
				C383293F171039AB00E59967 /* Security.framework in Frameworks */,
				C383293D171039A600E59967 /* QuartzCore.framework in Frameworks */,
				C383293B171039A100E59967 /* OpenGLES.framework in Frameworks */,
				C38329391710399300E59967 /* MobileCoreServices.framework in Frameworks */,
				C38329371710395900E59967 /* libz.dylib in Frameworks */,
				C38329351710395200E59967 /* libstdc++.dylib in Frameworks */,
				C3832933171038ED00E59967 /* CoreVideo.framework in Frameworks */,
				C3832931171038E700E59967 /* CoreMedia.framework in Frameworks */,
				C383292F171038DA00E59967 /* CoreAudio.framework in Frameworks */,
				C383292D1710388600E59967 /* CFNetwork.framework in Frameworks */,
				C383292B1710387D00E59967 /* AVFoundation.framework in Frameworks */,
				C38329291710384B00E59967 /* AudioToolbox.framework in Frameworks */,
				C38329271710380900E59967 /* CoreTelephony.framework in Frameworks */,
				C38F5F81170E986E0010B36C /* Foundation.framework in Frameworks */,
				C38F5F83170E986E0010B36C /* CoreGraphics.framework in Frameworks */,
				C3832917171036AA00E59967 /* Opentok.framework in Frameworks */,
			);
			runOnlyForDeploymentPostprocessing = 0;
		};
/* End PBXFrameworksBuildPhase section */

/* Begin PBXGroup section */
		C3832908171030D000E59967 /* IPhone */ = {
			isa = PBXGroup;
			children = (
				C39006E9171327B600783018 /* NavigationBar.h */,
				C39006EA171327B700783018 /* NavigationBar.m */,
				C39006E6171323D000783018 /* NavigationViewController.h */,
				C39006E7171323D000783018 /* NavigationViewController.m */,
				C3BE4881171372020001FFBD /* images */,
				C383290D1710313000E59967 /* Second scenario */,
				C38329091710310800E59967 /* First scenario */,
			);
			name = IPhone;
			sourceTree = "<group>";
		};
		C38329091710310800E59967 /* First scenario */ = {
			isa = PBXGroup;
			children = (
				C383C67E1745AAE6008E4A87 /* AuthViewController.h */,
				C383C67F1745AAE6008E4A87 /* AuthViewController.m */,
				C383C6801745AAE6008E4A87 /* CroppingViewController.h */,
				C383C6811745AAE6008E4A87 /* CroppingViewController.m */,
				C383C6821745AAE6008E4A87 /* RegistrationViewController.h */,
				C383C6831745AAE6008E4A87 /* RegistrationViewController.m */,
				C383C6841745AAE6008E4A87 /* TextField.h */,
				C383C6851745AAE6008E4A87 /* TextField.m */,
			);
			name = "First scenario";
			sourceTree = "<group>";
		};
		C383290D1710313000E59967 /* Second scenario */ = {
			isa = PBXGroup;
			children = (
				C3DFD1C01712B70000ECCD54 /* Tree */,
				C383290E1710313B00E59967 /* Home */,
			);
			name = "Second scenario";
			sourceTree = "<group>";
		};
		C383290E1710313B00E59967 /* Home */ = {
			isa = PBXGroup;
			children = (
				C383C68A1745AB87008E4A87 /* TabBarViewController.h */,
				C383C68B1745AB87008E4A87 /* TabBarViewController.m */,
				C38CA6861712B36900BDC5EF /* Settings */,
				C38FB90F17123C7800743A25 /* Lessons */,
				C383290F1710357400E59967 /* Profile */,
			);
			name = Home;
			sourceTree = "<group>";
		};
		C383290F1710357400E59967 /* Profile */ = {
			isa = PBXGroup;
			children = (
				C383C6AC1745AC81008E4A87 /* ProfileViewController.h */,
				C383C6AD1745AC81008E4A87 /* ProfileViewController.m */,
				C38329151710361100E59967 /* Video scenario */,
				C38329141710360A00E59967 /* Chat scenario */,
			);
			name = Profile;
			sourceTree = "<group>";
		};
		C38329141710360A00E59967 /* Chat scenario */ = {
			isa = PBXGroup;
			children = (
				C3829366170F106C003FA569 /* ChatViewController.h */,
				C3829367170F106C003FA569 /* ChatViewController.m */,
			);
			name = "Chat scenario";
			sourceTree = "<group>";
		};
		C38329151710361100E59967 /* Video scenario */ = {
			isa = PBXGroup;
			children = (
				C383C6AF1745ACBF008E4A87 /* UIButtonVideoView.h */,
				C383C6B01745ACBF008E4A87 /* UIButtonVideoView.m */,
				C383C6B11745ACBF008E4A87 /* UIProgressLessonView.h */,
				C383C6B21745ACBF008E4A87 /* UIProgressLessonView.m */,
				C383C6B31745ACBF008E4A87 /* UIToolbarVideoView.h */,
				C383C6B41745ACBF008E4A87 /* UIToolbarVideoView.m */,
				C383C6B51745ACBF008E4A87 /* VideoLessonController.h */,
				C383C6B61745ACBF008E4A87 /* VideoLessonController.m */,
			);
			name = "Video scenario";
			sourceTree = "<group>";
		};
		C38CA6861712B36900BDC5EF /* Settings */ = {
			isa = PBXGroup;
			children = (
				C383C6BB1745ACF5008E4A87 /* SettingsViewController.h */,
				C383C6BC1745ACF5008E4A87 /* SettingsViewController.m */,
			);
			name = Settings;
			sourceTree = "<group>";
		};
		C38F5F72170E986D0010B36C = {
			isa = PBXGroup;
			children = (
				C38F5F84170E986E0010B36C /* Lightoak */,
				C38F5F7D170E986E0010B36C /* Frameworks */,
				C38F5F7C170E986E0010B36C /* Products */,
			);
			sourceTree = "<group>";
		};
		C38F5F7C170E986E0010B36C /* Products */ = {
			isa = PBXGroup;
			children = (
				C38F5F7B170E986E0010B36C /* Lightoak.app */,
			);
			name = Products;
			sourceTree = "<group>";
		};
		C38F5F7D170E986E0010B36C /* Frameworks */ = {
			isa = PBXGroup;
			children = (
				C3832940171039B300E59967 /* SystemConfiguration.framework */,
				C383293E171039AB00E59967 /* Security.framework */,
				C383293C171039A600E59967 /* QuartzCore.framework */,
				C383293A171039A100E59967 /* OpenGLES.framework */,
				C38329381710399300E59967 /* MobileCoreServices.framework */,
				C38329361710395900E59967 /* libz.dylib */,
				C38329341710395200E59967 /* libstdc++.dylib */,
				C3832932171038ED00E59967 /* CoreVideo.framework */,
				C3832930171038E600E59967 /* CoreMedia.framework */,
				C383292E171038DA00E59967 /* CoreAudio.framework */,
				C383292C1710388600E59967 /* CFNetwork.framework */,
				C383292A1710387D00E59967 /* AVFoundation.framework */,
				C38329281710384600E59967 /* AudioToolbox.framework */,
				C3832926171037FF00E59967 /* CoreTelephony.framework */,
				C3832916171036AA00E59967 /* Opentok.framework */,
				C38F5F7E170E986E0010B36C /* UIKit.framework */,
				C38F5F80170E986E0010B36C /* Foundation.framework */,
				C38F5F82170E986E0010B36C /* CoreGraphics.framework */,
			);
			name = Frameworks;
			sourceTree = "<group>";
		};
		C38F5F84170E986E0010B36C /* Lightoak */ = {
			isa = PBXGroup;
			children = (
				C3832918171036C000E59967 /* opentok.bundle */,
				C3832908171030D000E59967 /* IPhone */,
				C38F5F8D170E986E0010B36C /* AppDelegate.h */,
				C38F5F8E170E986E0010B36C /* AppDelegate.m */,
				C38F5F96170E986E0010B36C /* MainStoryboard_iPhone.storyboard */,
				C38F5F99170E986E0010B36C /* MainStoryboard_iPad.storyboard */,
				C38F5F9C170E986E0010B36C /* ViewController.h */,
				C38F5F9D170E986E0010B36C /* ViewController.m */,
				C38F5F85170E986E0010B36C /* Supporting Files */,
			);
			path = Lightoak;
			sourceTree = "<group>";
		};
		C38F5F85170E986E0010B36C /* Supporting Files */ = {
			isa = PBXGroup;
			children = (
				C39006BE1712EEAB00783018 /* Font */,
				C38F5F86170E986E0010B36C /* Lightoak-Info.plist */,
				C38F5F87170E986E0010B36C /* InfoPlist.strings */,
				C38F5F8A170E986E0010B36C /* main.m */,
				C38F5F8C170E986E0010B36C /* Lightoak-Prefix.pch */,
				C38F5F90170E986E0010B36C /* Default.png */,
				C38F5F92170E986E0010B36C /* Default@2x.png */,
				C38F5F94170E986E0010B36C /* Default-568h@2x.png */,
			);
			name = "Supporting Files";
			sourceTree = "<group>";
		};
		C38FB90F17123C7800743A25 /* Lessons */ = {
			isa = PBXGroup;
			children = (
				C383C69E1745AC49008E4A87 /* CLesson.h */,
				C383C69F1745AC49008E4A87 /* CLesson.m */,
				C383C6A01745AC49008E4A87 /* LessonsTestViewController.h */,
				C383C6A11745AC49008E4A87 /* LessonsTestViewController.m */,
				C383C6A21745AC49008E4A87 /* LessonsViewController.h */,
				C383C6A31745AC49008E4A87 /* LessonsViewController.m */,
				C383C6A41745AC49008E4A87 /* UIProfileTableViewCell.h */,
				C383C6A51745AC49008E4A87 /* UIProfileTableViewCell.m */,
				C383C6A61745AC49008E4A87 /* UIProfileTableViewCell.xib */,
			);
			name = Lessons;
			sourceTree = "<group>";
		};
		C39006BE1712EEAB00783018 /* Font */ = {
			isa = PBXGroup;
			children = (
				C39006BF1712EEB200783018 /* PTSans */,
			);
			name = Font;
			sourceTree = "<group>";
		};
		C39006BF1712EEB200783018 /* PTSans */ = {
			isa = PBXGroup;
			children = (
				C39006D81712FD0400783018 /* PTC75F.ttf */,
				C39006D61712FCB700783018 /* PTC55F.ttf */,
				C39006D31712FA8100783018 /* PTSans.ttc */,
			);
			name = PTSans;
			sourceTree = "<group>";
		};
		C3BE4881171372020001FFBD /* images */ = {
			isa = PBXGroup;
			children = (
				C383C6341745AAD8008E4A87 /* active_lesson.png */,
				C383C6351745AAD8008E4A87 /* back.png */,
				C383C6361745AAD8008E4A87 /* belov.png */,
				C383C6371745AAD8008E4A87 /* belov@2x.png */,
				C383C6381745AAD8008E4A87 /* chat.png */,
				C383C6391745AAD8008E4A87 /* chat@2x.png */,
				C383C63A1745AAD8008E4A87 /* Default-568h@2x.png */,
				C383C63B1745AAD8008E4A87 /* Default.png */,
				C383C63C1745AAD8008E4A87 /* Default@2x.png */,
				C383C63D1745AAD8008E4A87 /* eye_white.png */,
				C383C63E1745AAD8008E4A87 /* eye@2x.png */,
				C383C63F1745AAD8008E4A87 /* leaf.png */,
				C383C6401745AAD8008E4A87 /* leaf@2x.png */,
				C383C6411745AAD8008E4A87 /* login.png */,
				C383C6421745AAD8008E4A87 /* loginpass.png */,
				C383C6431745AAD8008E4A87 /* microphone.png */,
				C383C6441745AAD8008E4A87 /* microphone@2x.png */,
				C383C6451745AAD8008E4A87 /* navbar.png */,
				C383C6461745AAD8008E4A87 /* pause.png */,
				C383C6471745AAD8008E4A87 /* pause@2x.png */,
				C383C6481745AAD8008E4A87 /* posts_white.png */,
				C383C6491745AAD8008E4A87 /* posts_white@2x.png */,
				C383C64A1745AAD8008E4A87 /* progress.png */,
				C383C64B1745AAD8008E4A87 /* reg_on.png */,
				C383C64C1745AAD8008E4A87 /* reg.png */,
				C383C64D1745AAD8008E4A87 /* regform.png */,
				C383C64E1745AAD8008E4A87 /* settings_white.png */,
				C383C64F1745AAD8008E4A87 /* settings_white@2x.png */,
				C383C6501745AAD8008E4A87 /* students.png */,
				C383C6511745AAD8008E4A87 /* tabbar_selected.png */,
				C383C6521745AAD8008E4A87 /* tabbar.png */,
				C383C6531745AAD8008E4A87 /* teachers.png */,
				C383C6541745AAD8008E4A87 /* track.png */,
				C383C6551745AAD8008E4A87 /* user_white.png */,
				C383C6561745AAD8008E4A87 /* user_white@2x.png */,
				C383C6571745AAD8008E4A87 /* warning.png */,
				C383C6581745AAD8008E4A87 /* warning@2x.png */,
			);
			name = images;
			sourceTree = "<group>";
		};
		C3DFD1C01712B70000ECCD54 /* Tree */ = {
			isa = PBXGroup;
			children = (
				C383C6BE1745AD06008E4A87 /* TreeViewController.h */,
				C383C6BF1745AD06008E4A87 /* TreeViewController.m */,
			);
			name = Tree;
			sourceTree = "<group>";
		};
/* End PBXGroup section */

/* Begin PBXNativeTarget section */
		C38F5F7A170E986D0010B36C /* Lightoak */ = {
			isa = PBXNativeTarget;
			buildConfigurationList = C38F5FA1170E986E0010B36C /* Build configuration list for PBXNativeTarget "Lightoak" */;
			buildPhases = (
				C38F5F77170E986D0010B36C /* Sources */,
				C38F5F78170E986D0010B36C /* Frameworks */,
				C38F5F79170E986D0010B36C /* Resources */,
			);
			buildRules = (
			);
			dependencies = (
			);
			name = Lightoak;
			productName = Lightoak;
			productReference = C38F5F7B170E986E0010B36C /* Lightoak.app */;
			productType = "com.apple.product-type.application";
		};
/* End PBXNativeTarget section */

/* Begin PBXProject section */
		C38F5F73170E986D0010B36C /* Project object */ = {
			isa = PBXProject;
			attributes = {
				LastUpgradeCheck = 0460;
				ORGANIZATIONNAME = "Three way studio";
			};
			buildConfigurationList = C38F5F76170E986D0010B36C /* Build configuration list for PBXProject "Lightoak" */;
			compatibilityVersion = "Xcode 3.2";
			developmentRegion = English;
			hasScannedForEncodings = 0;
			knownRegions = (
				en,
			);
			mainGroup = C38F5F72170E986D0010B36C;
			productRefGroup = C38F5F7C170E986E0010B36C /* Products */;
			projectDirPath = "";
			projectRoot = "";
			targets = (
				C38F5F7A170E986D0010B36C /* Lightoak */,
			);
		};
/* End PBXProject section */

/* Begin PBXResourcesBuildPhase section */
		C38F5F79170E986D0010B36C /* Resources */ = {
			isa = PBXResourcesBuildPhase;
			buildActionMask = 2147483647;
			files = (
				C38F5F89170E986E0010B36C /* InfoPlist.strings in Resources */,
				C38F5F91170E986E0010B36C /* Default.png in Resources */,
				C38F5F93170E986E0010B36C /* Default@2x.png in Resources */,
				C38F5F95170E986E0010B36C /* Default-568h@2x.png in Resources */,
				C38F5F98170E986E0010B36C /* MainStoryboard_iPhone.storyboard in Resources */,
				C38F5F9B170E986E0010B36C /* MainStoryboard_iPad.storyboard in Resources */,
				C3832919171036C000E59967 /* opentok.bundle in Resources */,
				C39006D41712FA8100783018 /* PTSans.ttc in Resources */,
				C39006D51712FC0100783018 /* Lightoak-Info.plist in Resources */,
				C39006D71712FCB700783018 /* PTC55F.ttf in Resources */,
				C39006D91712FD0400783018 /* PTC75F.ttf in Resources */,
				C383C6591745AAD8008E4A87 /* active_lesson.png in Resources */,
				C383C65A1745AAD8008E4A87 /* back.png in Resources */,
				C383C65B1745AAD8008E4A87 /* belov.png in Resources */,
				C383C65C1745AAD8008E4A87 /* belov@2x.png in Resources */,
				C383C65D1745AAD8008E4A87 /* chat.png in Resources */,
				C383C65E1745AAD8008E4A87 /* chat@2x.png in Resources */,
				C383C65F1745AAD8008E4A87 /* Default-568h@2x.png in Resources */,
				C383C6601745AAD8008E4A87 /* Default.png in Resources */,
				C383C6611745AAD8008E4A87 /* Default@2x.png in Resources */,
				C383C6621745AAD8008E4A87 /* eye_white.png in Resources */,
				C383C6631745AAD8008E4A87 /* eye@2x.png in Resources */,
				C383C6641745AAD8008E4A87 /* leaf.png in Resources */,
				C383C6651745AAD8008E4A87 /* leaf@2x.png in Resources */,
				C383C6661745AAD8008E4A87 /* login.png in Resources */,
				C383C6671745AAD8008E4A87 /* loginpass.png in Resources */,
				C383C6681745AAD8008E4A87 /* microphone.png in Resources */,
				C383C6691745AAD8008E4A87 /* microphone@2x.png in Resources */,
				C383C66A1745AAD8008E4A87 /* navbar.png in Resources */,
				C383C66B1745AAD8008E4A87 /* pause.png in Resources */,
				C383C66C1745AAD8008E4A87 /* pause@2x.png in Resources */,
				C383C66D1745AAD8008E4A87 /* posts_white.png in Resources */,
				C383C66E1745AAD8008E4A87 /* posts_white@2x.png in Resources */,
				C383C66F1745AAD8008E4A87 /* progress.png in Resources */,
				C383C6701745AAD8008E4A87 /* reg_on.png in Resources */,
				C383C6711745AAD8008E4A87 /* reg.png in Resources */,
				C383C6721745AAD8008E4A87 /* regform.png in Resources */,
				C383C6731745AAD8008E4A87 /* settings_white.png in Resources */,
				C383C6741745AAD8008E4A87 /* settings_white@2x.png in Resources */,
				C383C6751745AAD8008E4A87 /* students.png in Resources */,
				C383C6761745AAD8008E4A87 /* tabbar_selected.png in Resources */,
				C383C6771745AAD8008E4A87 /* tabbar.png in Resources */,
				C383C6781745AAD8008E4A87 /* teachers.png in Resources */,
				C383C6791745AAD8008E4A87 /* track.png in Resources */,
				C383C67A1745AAD8008E4A87 /* user_white.png in Resources */,
				C383C67B1745AAD8008E4A87 /* user_white@2x.png in Resources */,
				C383C67C1745AAD8008E4A87 /* warning.png in Resources */,
				C383C67D1745AAD8008E4A87 /* warning@2x.png in Resources */,
				C383C6AB1745AC49008E4A87 /* UIProfileTableViewCell.xib in Resources */,
			);
			runOnlyForDeploymentPostprocessing = 0;
		};
/* End PBXResourcesBuildPhase section */

/* Begin PBXSourcesBuildPhase section */
		C38F5F77170E986D0010B36C /* Sources */ = {
			isa = PBXSourcesBuildPhase;
			buildActionMask = 2147483647;
			files = (
				C38F5F8B170E986E0010B36C /* main.m in Sources */,
				C38F5F8F170E986E0010B36C /* AppDelegate.m in Sources */,
				C38F5F9E170E986E0010B36C /* ViewController.m in Sources */,
				C3829368170F106C003FA569 /* ChatViewController.m in Sources */,
				C39006E8171323D000783018 /* NavigationViewController.m in Sources */,
				C39006EB171327B700783018 /* NavigationBar.m in Sources */,
				C383C6861745AAE6008E4A87 /* AuthViewController.m in Sources */,
				C383C6871745AAE6008E4A87 /* CroppingViewController.m in Sources */,
				C383C6881745AAE6008E4A87 /* RegistrationViewController.m in Sources */,
				C383C6891745AAE6008E4A87 /* TextField.m in Sources */,
				C383C68C1745AB87008E4A87 /* TabBarViewController.m in Sources */,
				C383C6A71745AC49008E4A87 /* CLesson.m in Sources */,
				C383C6A81745AC49008E4A87 /* LessonsTestViewController.m in Sources */,
				C383C6A91745AC49008E4A87 /* LessonsViewController.m in Sources */,
				C383C6AA1745AC49008E4A87 /* UIProfileTableViewCell.m in Sources */,
				C383C6AE1745AC81008E4A87 /* ProfileViewController.m in Sources */,
				C383C6B71745ACBF008E4A87 /* UIButtonVideoView.m in Sources */,
				C383C6B81745ACBF008E4A87 /* UIProgressLessonView.m in Sources */,
				C383C6B91745ACBF008E4A87 /* UIToolbarVideoView.m in Sources */,
				C383C6BA1745ACBF008E4A87 /* VideoLessonController.m in Sources */,
				C383C6BD1745ACF5008E4A87 /* SettingsViewController.m in Sources */,
				C383C6C01745AD06008E4A87 /* TreeViewController.m in Sources */,
			);
			runOnlyForDeploymentPostprocessing = 0;
		};
/* End PBXSourcesBuildPhase section */

/* Begin PBXVariantGroup section */
		C38F5F87170E986E0010B36C /* InfoPlist.strings */ = {
			isa = PBXVariantGroup;
			children = (
				C38F5F88170E986E0010B36C /* en */,
			);
			name = InfoPlist.strings;
			sourceTree = "<group>";
		};
		C38F5F96170E986E0010B36C /* MainStoryboard_iPhone.storyboard */ = {
			isa = PBXVariantGroup;
			children = (
				C38F5F97170E986E0010B36C /* en */,
			);
			name = MainStoryboard_iPhone.storyboard;
			sourceTree = "<group>";
		};
		C38F5F99170E986E0010B36C /* MainStoryboard_iPad.storyboard */ = {
			isa = PBXVariantGroup;
			children = (
				C38F5F9A170E986E0010B36C /* en */,
			);
			name = MainStoryboard_iPad.storyboard;
			sourceTree = "<group>";
		};
/* End PBXVariantGroup section */

/* Begin XCBuildConfiguration section */
		C38F5F9F170E986E0010B36C /* Debug */ = {
			isa = XCBuildConfiguration;
			buildSettings = {
				ALWAYS_SEARCH_USER_PATHS = NO;
				CLANG_CXX_LANGUAGE_STANDARD = "gnu++0x";
				CLANG_CXX_LIBRARY = "libc++";
				CLANG_ENABLE_OBJC_ARC = YES;
				CLANG_WARN_CONSTANT_CONVERSION = YES;
				CLANG_WARN_EMPTY_BODY = YES;
				CLANG_WARN_ENUM_CONVERSION = YES;
				CLANG_WARN_INT_CONVERSION = YES;
				CLANG_WARN__DUPLICATE_METHOD_MATCH = YES;
				"CODE_SIGN_IDENTITY[sdk=iphoneos*]" = "iPhone Developer";
				COPY_PHASE_STRIP = NO;
				GCC_C_LANGUAGE_STANDARD = gnu99;
				GCC_DYNAMIC_NO_PIC = NO;
				GCC_OPTIMIZATION_LEVEL = 0;
				GCC_PREPROCESSOR_DEFINITIONS = (
					"DEBUG=1",
					"$(inherited)",
				);
				GCC_SYMBOLS_PRIVATE_EXTERN = NO;
				GCC_WARN_ABOUT_RETURN_TYPE = YES;
				GCC_WARN_UNINITIALIZED_AUTOS = YES;
				GCC_WARN_UNUSED_VARIABLE = YES;
				IPHONEOS_DEPLOYMENT_TARGET = 6.1;
				ONLY_ACTIVE_ARCH = YES;
				SDKROOT = iphoneos;
				TARGETED_DEVICE_FAMILY = "1,2";
			};
			name = Debug;
		};
		C38F5FA0170E986E0010B36C /* Release */ = {
			isa = XCBuildConfiguration;
			buildSettings = {
				ALWAYS_SEARCH_USER_PATHS = NO;
				CLANG_CXX_LANGUAGE_STANDARD = "gnu++0x";
				CLANG_CXX_LIBRARY = "libc++";
				CLANG_ENABLE_OBJC_ARC = YES;
				CLANG_WARN_CONSTANT_CONVERSION = YES;
				CLANG_WARN_EMPTY_BODY = YES;
				CLANG_WARN_ENUM_CONVERSION = YES;
				CLANG_WARN_INT_CONVERSION = YES;
				CLANG_WARN__DUPLICATE_METHOD_MATCH = YES;
				"CODE_SIGN_IDENTITY[sdk=iphoneos*]" = "iPhone Developer";
				COPY_PHASE_STRIP = YES;
				GCC_C_LANGUAGE_STANDARD = gnu99;
				GCC_WARN_ABOUT_RETURN_TYPE = YES;
				GCC_WARN_UNINITIALIZED_AUTOS = YES;
				GCC_WARN_UNUSED_VARIABLE = YES;
				IPHONEOS_DEPLOYMENT_TARGET = 6.1;
				OTHER_CFLAGS = "-DNS_BLOCK_ASSERTIONS=1";
				SDKROOT = iphoneos;
				TARGETED_DEVICE_FAMILY = "1,2";
				VALIDATE_PRODUCT = YES;
			};
			name = Release;
		};
		C38F5FA2170E986E0010B36C /* Debug */ = {
			isa = XCBuildConfiguration;
			buildSettings = {
				FRAMEWORK_SEARCH_PATHS = (
					"$(inherited)",
					"\"$(SRCROOT)\"",
				);
				GCC_PRECOMPILE_PREFIX_HEADER = YES;
				GCC_PREFIX_HEADER = "Lightoak/Lightoak-Prefix.pch";
				INFOPLIST_FILE = "Lightoak/Lightoak-Info.plist";
				ONLY_ACTIVE_ARCH = NO;
				OTHER_LDFLAGS = "-ObjC";
				PRODUCT_NAME = "$(TARGET_NAME)";
				VALID_ARCHS = armv7;
				WRAPPER_EXTENSION = app;
			};
			name = Debug;
		};
		C38F5FA3170E986E0010B36C /* Release */ = {
			isa = XCBuildConfiguration;
			buildSettings = {
				FRAMEWORK_SEARCH_PATHS = (
					"$(inherited)",
					"\"$(SRCROOT)\"",
				);
				GCC_PRECOMPILE_PREFIX_HEADER = YES;
				GCC_PREFIX_HEADER = "Lightoak/Lightoak-Prefix.pch";
				INFOPLIST_FILE = "Lightoak/Lightoak-Info.plist";
				ONLY_ACTIVE_ARCH = NO;
				OTHER_LDFLAGS = "-ObjC";
				PRODUCT_NAME = "$(TARGET_NAME)";
				VALID_ARCHS = armv7;
				WRAPPER_EXTENSION = app;
			};
			name = Release;
		};
/* End XCBuildConfiguration section */

/* Begin XCConfigurationList section */
		C38F5F76170E986D0010B36C /* Build configuration list for PBXProject "Lightoak" */ = {
			isa = XCConfigurationList;
			buildConfigurations = (
				C38F5F9F170E986E0010B36C /* Debug */,
				C38F5FA0170E986E0010B36C /* Release */,
			);
			defaultConfigurationIsVisible = 0;
			defaultConfigurationName = Release;
		};
		C38F5FA1170E986E0010B36C /* Build configuration list for PBXNativeTarget "Lightoak" */ = {
			isa = XCConfigurationList;
			buildConfigurations = (
				C38F5FA2170E986E0010B36C /* Debug */,
				C38F5FA3170E986E0010B36C /* Release */,
			);
			defaultConfigurationIsVisible = 0;
			defaultConfigurationName = Release;
		};
/* End XCConfigurationList section */
	};
	rootObject = C38F5F73170E986D0010B36C /* Project object */;
}
